// !$*UTF8*$!
{
	archiveVersion = 1;
	classes = {
	};
	objectVersion = 56;
	objects = {

/* Begin PBXBuildFile section */
		FF377B612BD5E60B00697FE1 /* RootTabBarView.swift in Sources */ = {isa = PBXBuildFile; fileRef = FF377B602BD5E60B00697FE1 /* RootTabBarView.swift */; };
		FF377B632BD5E65600697FE1 /* TournamentsView.swift in Sources */ = {isa = PBXBuildFile; fileRef = FF377B622BD5E65600697FE1 /* TournamentsView.swift */; };
		FF377B652BD5E94B00697FE1 /* TeamsView.swift in Sources */ = {isa = PBXBuildFile; fileRef = FF377B642BD5E94B00697FE1 /* TeamsView.swift */; };
		FF377B672BD5E96100697FE1 /* RatingsView.swift in Sources */ = {isa = PBXBuildFile; fileRef = FF377B662BD5E96100697FE1 /* RatingsView.swift */; };
		FF377B692BD5E97A00697FE1 /* CollectionView.swift in Sources */ = {isa = PBXBuildFile; fileRef = FF377B682BD5E97A00697FE1 /* CollectionView.swift */; };
		FF377B6B2BD5E98400697FE1 /* ProfileView.swift in Sources */ = {isa = PBXBuildFile; fileRef = FF377B6A2BD5E98400697FE1 /* ProfileView.swift */; };
		FF377B6E2BD5F51100697FE1 /* TournamentsAPI.swift in Sources */ = {isa = PBXBuildFile; fileRef = FF377B6D2BD5F51100697FE1 /* TournamentsAPI.swift */; };
		FF377B732BD5F99000697FE1 /* TournamentCard.swift in Sources */ = {isa = PBXBuildFile; fileRef = FF377B722BD5F99000697FE1 /* TournamentCard.swift */; };
		FF377B752BD613BE00697FE1 /* TournamentsViewModel.swift in Sources */ = {isa = PBXBuildFile; fileRef = FF377B742BD613BE00697FE1 /* TournamentsViewModel.swift */; };
		FF377B772BD61CE100697FE1 /* TournamentDetailView.swift in Sources */ = {isa = PBXBuildFile; fileRef = FF377B762BD61CE100697FE1 /* TournamentDetailView.swift */; };
		FF4DAB802BD52F7A00CC0836 /* LoginView.swift in Sources */ = {isa = PBXBuildFile; fileRef = FF4DAB7F2BD52F7A00CC0836 /* LoginView.swift */; };
		FF4DAB832BD53FE000CC0836 /* LoginViewModel.swift in Sources */ = {isa = PBXBuildFile; fileRef = FF4DAB822BD53FE000CC0836 /* LoginViewModel.swift */; };
		FF4DAB8B2BD56A8600CC0836 /* CustomTextFieldType.swift in Sources */ = {isa = PBXBuildFile; fileRef = FF4DAB8A2BD56A8600CC0836 /* CustomTextFieldType.swift */; };
		FF4DAB8E2BD58FC100CC0836 /* ValidationModifier.swift in Sources */ = {isa = PBXBuildFile; fileRef = FF4DAB8D2BD58FC100CC0836 /* ValidationModifier.swift */; };
		FF4DAB932BD5BF6900CC0836 /* CustomTextFieldValidationManager.swift in Sources */ = {isa = PBXBuildFile; fileRef = FF4DAB922BD5BF6900CC0836 /* CustomTextFieldValidationManager.swift */; };
		FF723A7C2B970EA700AC2471 /* Constants.swift in Sources */ = {isa = PBXBuildFile; fileRef = FF723A7B2B970EA700AC2471 /* Constants.swift */; };
		FF723A7E2B97104200AC2471 /* TokenManager.swift in Sources */ = {isa = PBXBuildFile; fileRef = FF723A7D2B97104200AC2471 /* TokenManager.swift */; };
		FF723A872B97280300AC2471 /* API.swift in Sources */ = {isa = PBXBuildFile; fileRef = FF723A862B97280300AC2471 /* API.swift */; };
		FF723A8A2B97296E00AC2471 /* AuthAPI.swift in Sources */ = {isa = PBXBuildFile; fileRef = FF723A892B97296E00AC2471 /* AuthAPI.swift */; };
		FF723A8C2B972DB500AC2471 /* NetworkManager.swift in Sources */ = {isa = PBXBuildFile; fileRef = FF723A8B2B972DB500AC2471 /* NetworkManager.swift */; };
		FF73D96A2BDC540800184A5B /* Dummies.swift in Sources */ = {isa = PBXBuildFile; fileRef = FF73D9692BDC540800184A5B /* Dummies.swift */; };
		FF73D96C2BDC5B4300184A5B /* TransactionsView.swift in Sources */ = {isa = PBXBuildFile; fileRef = FF73D96B2BDC5B4300184A5B /* TransactionsView.swift */; };
		FF8F83092BBC40A000441C88 /* CustomButtonStyle.swift in Sources */ = {isa = PBXBuildFile; fileRef = FF8F83082BBC40A000441C88 /* CustomButtonStyle.swift */; };
		FF9D57E12BEB8E50005151A9 /* CollectionViewModel.swift in Sources */ = {isa = PBXBuildFile; fileRef = FF9D57E02BEB8E50005151A9 /* CollectionViewModel.swift */; };
		FF9D57E62BEB95BE005151A9 /* CardView.swift in Sources */ = {isa = PBXBuildFile; fileRef = FF9D57E52BEB95BE005151A9 /* CardView.swift */; };
		FFA43F532BEB9C600032F7CE /* PlayersAPI.swift in Sources */ = {isa = PBXBuildFile; fileRef = FFA43F522BEB9C600032F7CE /* PlayersAPI.swift */; };
		FFA63EAA2BFF4379000C31A9 /* SDWebImageSwiftUI in Frameworks */ = {isa = PBXBuildFile; productRef = FFA63EA92BFF4379000C31A9 /* SDWebImageSwiftUI */; };
		FFA63EAD2BFF461F000C31A9 /* SDWebImageSVGCoder in Frameworks */ = {isa = PBXBuildFile; productRef = FFA63EAC2BFF461F000C31A9 /* SDWebImageSVGCoder */; };
		FFDA49182BE908070078DFD2 /* ProfileViewModel.swift in Sources */ = {isa = PBXBuildFile; fileRef = FFDA49172BE908070078DFD2 /* ProfileViewModel.swift */; };
		FFDA491A2BE90E050078DFD2 /* DateExtension.swift in Sources */ = {isa = PBXBuildFile; fileRef = FFDA49192BE90E050078DFD2 /* DateExtension.swift */; };
		FFE499582BF4CBBE0052CB64 /* TokenPair.swift in Sources */ = {isa = PBXBuildFile; fileRef = FFE499572BF4CBBE0052CB64 /* TokenPair.swift */; };
		FFE4995A2BF4CBEB0052CB64 /* UserModel.swift in Sources */ = {isa = PBXBuildFile; fileRef = FFE499592BF4CBEB0052CB64 /* UserModel.swift */; };
		FFE4995C2BF4CC020052CB64 /* TransactionModel.swift in Sources */ = {isa = PBXBuildFile; fileRef = FFE4995B2BF4CC020052CB64 /* TransactionModel.swift */; };
		FFE4995E2BF4CC5A0052CB64 /* CardModel.swift in Sources */ = {isa = PBXBuildFile; fileRef = FFE4995D2BF4CC5A0052CB64 /* CardModel.swift */; };
		FFE499642BF4CD0A0052CB64 /* TournamentModel.swift in Sources */ = {isa = PBXBuildFile; fileRef = FFE499632BF4CD0A0052CB64 /* TournamentModel.swift */; };
		FFE4996A2BF4CE6A0052CB64 /* SharedModels.swift in Sources */ = {isa = PBXBuildFile; fileRef = FFE499692BF4CE6A0052CB64 /* SharedModels.swift */; };
		FFE63A762BDC3A78005D8D50 /* Alamofire in Frameworks */ = {isa = PBXBuildFile; productRef = FFE63A752BDC3A78005D8D50 /* Alamofire */; };
		FFE63A792BDC3A84005D8D50 /* KeychainSwift in Frameworks */ = {isa = PBXBuildFile; productRef = FFE63A782BDC3A84005D8D50 /* KeychainSwift */; };
		FFE851592BD5CCF700378C93 /* RegistrationView.swift in Sources */ = {isa = PBXBuildFile; fileRef = FFE851582BD5CCF700378C93 /* RegistrationView.swift */; };
		FFE8515B2BD5CD5400378C93 /* RegistrationViewModel.swift in Sources */ = {isa = PBXBuildFile; fileRef = FFE8515A2BD5CD5400378C93 /* RegistrationViewModel.swift */; };
		FFE8515E2BD5CE2600378C93 /* UserAPI.swift in Sources */ = {isa = PBXBuildFile; fileRef = FFE8515D2BD5CE2600378C93 /* UserAPI.swift */; };
		FFF535242BF4EA840066508C /* TournamentDetailViewModel.swift in Sources */ = {isa = PBXBuildFile; fileRef = FFF535232BF4EA840066508C /* TournamentDetailViewModel.swift */; };
		FFF535262BF4EB0D0066508C /* MatchModel.swift in Sources */ = {isa = PBXBuildFile; fileRef = FFF535252BF4EB0D0066508C /* MatchModel.swift */; };
		FFFA3C0E2B94B34A009429C1 /* FrozenFantasyApp.swift in Sources */ = {isa = PBXBuildFile; fileRef = FFFA3C0D2B94B34A009429C1 /* FrozenFantasyApp.swift */; };
		FFFA3C122B94B34C009429C1 /* Assets.xcassets in Resources */ = {isa = PBXBuildFile; fileRef = FFFA3C112B94B34C009429C1 /* Assets.xcassets */; };
		FFFA3C152B94B34C009429C1 /* Preview Assets.xcassets in Resources */ = {isa = PBXBuildFile; fileRef = FFFA3C142B94B34C009429C1 /* Preview Assets.xcassets */; };
		FFFB699D2BFBA2A300DE48EC /* MatchCardView.swift in Sources */ = {isa = PBXBuildFile; fileRef = FFFB699C2BFBA2A300DE48EC /* MatchCardView.swift */; };
		FFFCB9F92BC67BAA00B5D151 /* FontExtension.swift in Sources */ = {isa = PBXBuildFile; fileRef = FFFCB9F82BC67BAA00B5D151 /* FontExtension.swift */; };
		FFFCB9FE2BC67C8E00B5D151 /* Exo2-Regular.ttf in Resources */ = {isa = PBXBuildFile; fileRef = FFFCB9FC2BC67C8A00B5D151 /* Exo2-Regular.ttf */; };
		FFFCB9FF2BC67C8E00B5D151 /* Exo2-Medium.ttf in Resources */ = {isa = PBXBuildFile; fileRef = FFFCB9FA2BC67C8A00B5D151 /* Exo2-Medium.ttf */; };
		FFFCBA002BC67C8E00B5D151 /* Exo2-Bold.ttf in Resources */ = {isa = PBXBuildFile; fileRef = FFFCB9FD2BC67C8A00B5D151 /* Exo2-Bold.ttf */; };
		FFFCBA012BC67C8E00B5D151 /* Exo2-SemiBold.ttf in Resources */ = {isa = PBXBuildFile; fileRef = FFFCB9FB2BC67C8A00B5D151 /* Exo2-SemiBold.ttf */; };
		FFFCBA032BC6820E00B5D151 /* ColorExtension.swift in Sources */ = {isa = PBXBuildFile; fileRef = FFFCBA022BC6820E00B5D151 /* ColorExtension.swift */; };
		FFFCBA052BC686DB00B5D151 /* CustomTextField.swift in Sources */ = {isa = PBXBuildFile; fileRef = FFFCBA042BC686DB00B5D151 /* CustomTextField.swift */; };
		FFFDC1C02BFCF27B0047F245 /* CoinLabel.swift in Sources */ = {isa = PBXBuildFile; fileRef = FFFDC1BF2BFCF27B0047F245 /* CoinLabel.swift */; };
		FFFDC1C22BFCF4DB0047F245 /* CustomLabel.swift in Sources */ = {isa = PBXBuildFile; fileRef = FFFDC1C12BFCF4DB0047F245 /* CustomLabel.swift */; };
/* End PBXBuildFile section */

/* Begin PBXFileReference section */
		FF377B602BD5E60B00697FE1 /* RootTabBarView.swift */ = {isa = PBXFileReference; lastKnownFileType = sourcecode.swift; path = RootTabBarView.swift; sourceTree = "<group>"; };
		FF377B622BD5E65600697FE1 /* TournamentsView.swift */ = {isa = PBXFileReference; lastKnownFileType = sourcecode.swift; path = TournamentsView.swift; sourceTree = "<group>"; };
		FF377B642BD5E94B00697FE1 /* TeamsView.swift */ = {isa = PBXFileReference; lastKnownFileType = sourcecode.swift; path = TeamsView.swift; sourceTree = "<group>"; };
		FF377B662BD5E96100697FE1 /* RatingsView.swift */ = {isa = PBXFileReference; lastKnownFileType = sourcecode.swift; path = RatingsView.swift; sourceTree = "<group>"; };
		FF377B682BD5E97A00697FE1 /* CollectionView.swift */ = {isa = PBXFileReference; lastKnownFileType = sourcecode.swift; path = CollectionView.swift; sourceTree = "<group>"; };
		FF377B6A2BD5E98400697FE1 /* ProfileView.swift */ = {isa = PBXFileReference; lastKnownFileType = sourcecode.swift; path = ProfileView.swift; sourceTree = "<group>"; };
		FF377B6D2BD5F51100697FE1 /* TournamentsAPI.swift */ = {isa = PBXFileReference; lastKnownFileType = sourcecode.swift; path = TournamentsAPI.swift; sourceTree = "<group>"; };
		FF377B722BD5F99000697FE1 /* TournamentCard.swift */ = {isa = PBXFileReference; lastKnownFileType = sourcecode.swift; path = TournamentCard.swift; sourceTree = "<group>"; };
		FF377B742BD613BE00697FE1 /* TournamentsViewModel.swift */ = {isa = PBXFileReference; lastKnownFileType = sourcecode.swift; path = TournamentsViewModel.swift; sourceTree = "<group>"; };
		FF377B762BD61CE100697FE1 /* TournamentDetailView.swift */ = {isa = PBXFileReference; lastKnownFileType = sourcecode.swift; path = TournamentDetailView.swift; sourceTree = "<group>"; };
		FF4DAB7F2BD52F7A00CC0836 /* LoginView.swift */ = {isa = PBXFileReference; lastKnownFileType = sourcecode.swift; path = LoginView.swift; sourceTree = "<group>"; };
		FF4DAB822BD53FE000CC0836 /* LoginViewModel.swift */ = {isa = PBXFileReference; lastKnownFileType = sourcecode.swift; path = LoginViewModel.swift; sourceTree = "<group>"; };
		FF4DAB8A2BD56A8600CC0836 /* CustomTextFieldType.swift */ = {isa = PBXFileReference; lastKnownFileType = sourcecode.swift; path = CustomTextFieldType.swift; sourceTree = "<group>"; };
		FF4DAB8D2BD58FC100CC0836 /* ValidationModifier.swift */ = {isa = PBXFileReference; lastKnownFileType = sourcecode.swift; path = ValidationModifier.swift; sourceTree = "<group>"; };
		FF4DAB922BD5BF6900CC0836 /* CustomTextFieldValidationManager.swift */ = {isa = PBXFileReference; lastKnownFileType = sourcecode.swift; path = CustomTextFieldValidationManager.swift; sourceTree = "<group>"; };
		FF723A7B2B970EA700AC2471 /* Constants.swift */ = {isa = PBXFileReference; lastKnownFileType = sourcecode.swift; path = Constants.swift; sourceTree = "<group>"; };
		FF723A7D2B97104200AC2471 /* TokenManager.swift */ = {isa = PBXFileReference; lastKnownFileType = sourcecode.swift; path = TokenManager.swift; sourceTree = "<group>"; };
		FF723A862B97280300AC2471 /* API.swift */ = {isa = PBXFileReference; lastKnownFileType = sourcecode.swift; path = API.swift; sourceTree = "<group>"; };
		FF723A892B97296E00AC2471 /* AuthAPI.swift */ = {isa = PBXFileReference; lastKnownFileType = sourcecode.swift; path = AuthAPI.swift; sourceTree = "<group>"; };
		FF723A8B2B972DB500AC2471 /* NetworkManager.swift */ = {isa = PBXFileReference; lastKnownFileType = sourcecode.swift; path = NetworkManager.swift; sourceTree = "<group>"; };
		FF723A8D2B973C0500AC2471 /* Info.plist */ = {isa = PBXFileReference; lastKnownFileType = text.plist.xml; path = Info.plist; sourceTree = "<group>"; };
		FF73D9692BDC540800184A5B /* Dummies.swift */ = {isa = PBXFileReference; lastKnownFileType = sourcecode.swift; path = Dummies.swift; sourceTree = "<group>"; };
		FF73D96B2BDC5B4300184A5B /* TransactionsView.swift */ = {isa = PBXFileReference; lastKnownFileType = sourcecode.swift; path = TransactionsView.swift; sourceTree = "<group>"; };
		FF8F83082BBC40A000441C88 /* CustomButtonStyle.swift */ = {isa = PBXFileReference; lastKnownFileType = sourcecode.swift; path = CustomButtonStyle.swift; sourceTree = "<group>"; };
		FF9D57E02BEB8E50005151A9 /* CollectionViewModel.swift */ = {isa = PBXFileReference; lastKnownFileType = sourcecode.swift; path = CollectionViewModel.swift; sourceTree = "<group>"; };
		FF9D57E52BEB95BE005151A9 /* CardView.swift */ = {isa = PBXFileReference; lastKnownFileType = sourcecode.swift; path = CardView.swift; sourceTree = "<group>"; };
		FFA43F522BEB9C600032F7CE /* PlayersAPI.swift */ = {isa = PBXFileReference; lastKnownFileType = sourcecode.swift; path = PlayersAPI.swift; sourceTree = "<group>"; };
		FFDA49172BE908070078DFD2 /* ProfileViewModel.swift */ = {isa = PBXFileReference; lastKnownFileType = sourcecode.swift; path = ProfileViewModel.swift; sourceTree = "<group>"; };
		FFDA49192BE90E050078DFD2 /* DateExtension.swift */ = {isa = PBXFileReference; lastKnownFileType = sourcecode.swift; path = DateExtension.swift; sourceTree = "<group>"; };
		FFE499572BF4CBBE0052CB64 /* TokenPair.swift */ = {isa = PBXFileReference; lastKnownFileType = sourcecode.swift; path = TokenPair.swift; sourceTree = "<group>"; };
		FFE499592BF4CBEB0052CB64 /* UserModel.swift */ = {isa = PBXFileReference; lastKnownFileType = sourcecode.swift; path = UserModel.swift; sourceTree = "<group>"; };
		FFE4995B2BF4CC020052CB64 /* TransactionModel.swift */ = {isa = PBXFileReference; lastKnownFileType = sourcecode.swift; path = TransactionModel.swift; sourceTree = "<group>"; };
		FFE4995D2BF4CC5A0052CB64 /* CardModel.swift */ = {isa = PBXFileReference; lastKnownFileType = sourcecode.swift; path = CardModel.swift; sourceTree = "<group>"; };
		FFE499632BF4CD0A0052CB64 /* TournamentModel.swift */ = {isa = PBXFileReference; lastKnownFileType = sourcecode.swift; path = TournamentModel.swift; sourceTree = "<group>"; };
		FFE499692BF4CE6A0052CB64 /* SharedModels.swift */ = {isa = PBXFileReference; fileEncoding = 4; lastKnownFileType = sourcecode.swift; path = SharedModels.swift; sourceTree = "<group>"; };
		FFE851582BD5CCF700378C93 /* RegistrationView.swift */ = {isa = PBXFileReference; lastKnownFileType = sourcecode.swift; path = RegistrationView.swift; sourceTree = "<group>"; };
		FFE8515A2BD5CD5400378C93 /* RegistrationViewModel.swift */ = {isa = PBXFileReference; lastKnownFileType = sourcecode.swift; path = RegistrationViewModel.swift; sourceTree = "<group>"; };
		FFE8515D2BD5CE2600378C93 /* UserAPI.swift */ = {isa = PBXFileReference; lastKnownFileType = sourcecode.swift; path = UserAPI.swift; sourceTree = "<group>"; };
		FFF535232BF4EA840066508C /* TournamentDetailViewModel.swift */ = {isa = PBXFileReference; lastKnownFileType = sourcecode.swift; path = TournamentDetailViewModel.swift; sourceTree = "<group>"; };
		FFF535252BF4EB0D0066508C /* MatchModel.swift */ = {isa = PBXFileReference; lastKnownFileType = sourcecode.swift; path = MatchModel.swift; sourceTree = "<group>"; };
		FFFA3C0A2B94B34A009429C1 /* FrozenFantasy.app */ = {isa = PBXFileReference; explicitFileType = wrapper.application; includeInIndex = 0; path = FrozenFantasy.app; sourceTree = BUILT_PRODUCTS_DIR; };
		FFFA3C0D2B94B34A009429C1 /* FrozenFantasyApp.swift */ = {isa = PBXFileReference; lastKnownFileType = sourcecode.swift; path = FrozenFantasyApp.swift; sourceTree = "<group>"; };
		FFFA3C112B94B34C009429C1 /* Assets.xcassets */ = {isa = PBXFileReference; lastKnownFileType = folder.assetcatalog; path = Assets.xcassets; sourceTree = "<group>"; };
		FFFA3C142B94B34C009429C1 /* Preview Assets.xcassets */ = {isa = PBXFileReference; lastKnownFileType = folder.assetcatalog; path = "Preview Assets.xcassets"; sourceTree = "<group>"; };
		FFFB699C2BFBA2A300DE48EC /* MatchCardView.swift */ = {isa = PBXFileReference; lastKnownFileType = sourcecode.swift; path = MatchCardView.swift; sourceTree = "<group>"; };
		FFFCB9F82BC67BAA00B5D151 /* FontExtension.swift */ = {isa = PBXFileReference; lastKnownFileType = sourcecode.swift; path = FontExtension.swift; sourceTree = "<group>"; };
		FFFCB9FA2BC67C8A00B5D151 /* Exo2-Medium.ttf */ = {isa = PBXFileReference; lastKnownFileType = file; path = "Exo2-Medium.ttf"; sourceTree = "<group>"; };
		FFFCB9FB2BC67C8A00B5D151 /* Exo2-SemiBold.ttf */ = {isa = PBXFileReference; lastKnownFileType = file; path = "Exo2-SemiBold.ttf"; sourceTree = "<group>"; };
		FFFCB9FC2BC67C8A00B5D151 /* Exo2-Regular.ttf */ = {isa = PBXFileReference; lastKnownFileType = file; path = "Exo2-Regular.ttf"; sourceTree = "<group>"; };
		FFFCB9FD2BC67C8A00B5D151 /* Exo2-Bold.ttf */ = {isa = PBXFileReference; lastKnownFileType = file; path = "Exo2-Bold.ttf"; sourceTree = "<group>"; };
		FFFCBA022BC6820E00B5D151 /* ColorExtension.swift */ = {isa = PBXFileReference; lastKnownFileType = sourcecode.swift; path = ColorExtension.swift; sourceTree = "<group>"; };
		FFFCBA042BC686DB00B5D151 /* CustomTextField.swift */ = {isa = PBXFileReference; lastKnownFileType = sourcecode.swift; path = CustomTextField.swift; sourceTree = "<group>"; };
		FFFDC1BF2BFCF27B0047F245 /* CoinLabel.swift */ = {isa = PBXFileReference; lastKnownFileType = sourcecode.swift; path = CoinLabel.swift; sourceTree = "<group>"; };
		FFFDC1C12BFCF4DB0047F245 /* CustomLabel.swift */ = {isa = PBXFileReference; lastKnownFileType = sourcecode.swift; path = CustomLabel.swift; sourceTree = "<group>"; };
/* End PBXFileReference section */

/* Begin PBXFrameworksBuildPhase section */
		FFFA3C072B94B34A009429C1 /* Frameworks */ = {
			isa = PBXFrameworksBuildPhase;
			buildActionMask = 2147483647;
			files = (
				FFA63EAA2BFF4379000C31A9 /* SDWebImageSwiftUI in Frameworks */,
				FFE63A792BDC3A84005D8D50 /* KeychainSwift in Frameworks */,
				FFE63A762BDC3A78005D8D50 /* Alamofire in Frameworks */,
				FFA63EAD2BFF461F000C31A9 /* SDWebImageSVGCoder in Frameworks */,
			);
			runOnlyForDeploymentPostprocessing = 0;
		};
/* End PBXFrameworksBuildPhase section */

/* Begin PBXGroup section */
		FF377B5F2BD5E5F600697FE1 /* Root */ = {
			isa = PBXGroup;
			children = (
				FF377B602BD5E60B00697FE1 /* RootTabBarView.swift */,
				FF377B6C2BD5F4ED00697FE1 /* Tournaments */,
				FF377B642BD5E94B00697FE1 /* TeamsView.swift */,
				FF377B662BD5E96100697FE1 /* RatingsView.swift */,
				FF9D57DF2BEB8E3A005151A9 /* Collection */,
				FFE63A7A2BDC3AEE005D8D50 /* Profile */,
			);
			path = Root;
			sourceTree = "<group>";
		};
		FF377B6C2BD5F4ED00697FE1 /* Tournaments */ = {
			isa = PBXGroup;
			children = (
				FF377B622BD5E65600697FE1 /* TournamentsView.swift */,
				FF377B742BD613BE00697FE1 /* TournamentsViewModel.swift */,
				FF377B722BD5F99000697FE1 /* TournamentCard.swift */,
				FFF535222BF4EA6E0066508C /* TournamentDetail */,
			);
			path = Tournaments;
			sourceTree = "<group>";
		};
		FF4DAB7D2BD52F1200CC0836 /* Views */ = {
			isa = PBXGroup;
			children = (
				FF4DAB812BD53FD000CC0836 /* Login */,
				FFE851572BD5CCE600378C93 /* Registration */,
				FF377B5F2BD5E5F600697FE1 /* Root */,
			);
			path = Views;
			sourceTree = "<group>";
		};
		FF4DAB7E2BD52F2800CC0836 /* Resources */ = {
			isa = PBXGroup;
			children = (
				FFFCB9F42BC678EA00B5D151 /* Fonts */,
				FFFA3C112B94B34C009429C1 /* Assets.xcassets */,
			);
			path = Resources;
			sourceTree = "<group>";
		};
		FF4DAB812BD53FD000CC0836 /* Login */ = {
			isa = PBXGroup;
			children = (
				FF4DAB7F2BD52F7A00CC0836 /* LoginView.swift */,
				FF4DAB822BD53FE000CC0836 /* LoginViewModel.swift */,
			);
			path = Login;
			sourceTree = "<group>";
		};
		FF4DAB872BD568AF00CC0836 /* Managers */ = {
			isa = PBXGroup;
			children = (
				FF4DAB8C2BD58F4900CC0836 /* Validation */,
				FF723A7D2B97104200AC2471 /* TokenManager.swift */,
			);
			path = Managers;
			sourceTree = "<group>";
		};
		FF4DAB8C2BD58F4900CC0836 /* Validation */ = {
			isa = PBXGroup;
			children = (
				FF4DAB8D2BD58FC100CC0836 /* ValidationModifier.swift */,
				FF4DAB922BD5BF6900CC0836 /* CustomTextFieldValidationManager.swift */,
			);
			path = Validation;
			sourceTree = "<group>";
		};
		FF4DAB8F2BD595A000CC0836 /* CustomTextField */ = {
			isa = PBXGroup;
			children = (
				FF4DAB8A2BD56A8600CC0836 /* CustomTextFieldType.swift */,
				FFFCBA042BC686DB00B5D151 /* CustomTextField.swift */,
			);
			path = CustomTextField;
			sourceTree = "<group>";
		};
		FF723A782B970D1F00AC2471 /* Networking */ = {
			isa = PBXGroup;
			children = (
				FF723A8B2B972DB500AC2471 /* NetworkManager.swift */,
				FF723A862B97280300AC2471 /* API.swift */,
				FF723A892B97296E00AC2471 /* AuthAPI.swift */,
				FFE8515D2BD5CE2600378C93 /* UserAPI.swift */,
				FF377B6D2BD5F51100697FE1 /* TournamentsAPI.swift */,
				FFA43F522BEB9C600032F7CE /* PlayersAPI.swift */,
			);
			path = Networking;
			sourceTree = "<group>";
		};
		FF8F83072BBC407D00441C88 /* Components */ = {
			isa = PBXGroup;
			children = (
				FF4DAB8F2BD595A000CC0836 /* CustomTextField */,
				FF8F83082BBC40A000441C88 /* CustomButtonStyle.swift */,
				FFFDC1BF2BFCF27B0047F245 /* CoinLabel.swift */,
				FFFDC1C12BFCF4DB0047F245 /* CustomLabel.swift */,
			);
			path = Components;
			sourceTree = "<group>";
		};
		FF9D57DF2BEB8E3A005151A9 /* Collection */ = {
			isa = PBXGroup;
			children = (
				FF377B682BD5E97A00697FE1 /* CollectionView.swift */,
				FF9D57E02BEB8E50005151A9 /* CollectionViewModel.swift */,
				FF9D57E52BEB95BE005151A9 /* CardView.swift */,
			);
			path = Collection;
			sourceTree = "<group>";
		};
		FFE499562BF4CBA80052CB64 /* Models */ = {
			isa = PBXGroup;
			children = (
				FFE499572BF4CBBE0052CB64 /* TokenPair.swift */,
				FFE499692BF4CE6A0052CB64 /* SharedModels.swift */,
				FFE499592BF4CBEB0052CB64 /* UserModel.swift */,
				FFE499632BF4CD0A0052CB64 /* TournamentModel.swift */,
				FFE4995D2BF4CC5A0052CB64 /* CardModel.swift */,
				FFE4995B2BF4CC020052CB64 /* TransactionModel.swift */,
				FFF535252BF4EB0D0066508C /* MatchModel.swift */,
			);
			path = Models;
			sourceTree = "<group>";
		};
		FFE63A7A2BDC3AEE005D8D50 /* Profile */ = {
			isa = PBXGroup;
			children = (
				FF377B6A2BD5E98400697FE1 /* ProfileView.swift */,
				FFDA49172BE908070078DFD2 /* ProfileViewModel.swift */,
				FF73D96B2BDC5B4300184A5B /* TransactionsView.swift */,
			);
			path = Profile;
			sourceTree = "<group>";
		};
		FFE851572BD5CCE600378C93 /* Registration */ = {
			isa = PBXGroup;
			children = (
				FFE851582BD5CCF700378C93 /* RegistrationView.swift */,
				FFE8515A2BD5CD5400378C93 /* RegistrationViewModel.swift */,
			);
			path = Registration;
			sourceTree = "<group>";
		};
		FFF535222BF4EA6E0066508C /* TournamentDetail */ = {
			isa = PBXGroup;
			children = (
				FF377B762BD61CE100697FE1 /* TournamentDetailView.swift */,
				FFF535232BF4EA840066508C /* TournamentDetailViewModel.swift */,
				FFFB699C2BFBA2A300DE48EC /* MatchCardView.swift */,
			);
			path = TournamentDetail;
			sourceTree = "<group>";
		};
		FFFA3C012B94B34A009429C1 = {
			isa = PBXGroup;
			children = (
				FFFA3C0C2B94B34A009429C1 /* FrozenFantasy */,
				FFFA3C0B2B94B34A009429C1 /* Products */,
			);
			sourceTree = "<group>";
		};
		FFFA3C0B2B94B34A009429C1 /* Products */ = {
			isa = PBXGroup;
			children = (
				FFFA3C0A2B94B34A009429C1 /* FrozenFantasy.app */,
			);
			name = Products;
			sourceTree = "<group>";
		};
		FFFA3C0C2B94B34A009429C1 /* FrozenFantasy */ = {
			isa = PBXGroup;
			children = (
				FF4DAB7E2BD52F2800CC0836 /* Resources */,
				FF4DAB872BD568AF00CC0836 /* Managers */,
				FFFCB9F72BC67B8A00B5D151 /* Extensions */,
				FF723A782B970D1F00AC2471 /* Networking */,
				FFE499562BF4CBA80052CB64 /* Models */,
				FF8F83072BBC407D00441C88 /* Components */,
				FF4DAB7D2BD52F1200CC0836 /* Views */,
				FFFA3C0D2B94B34A009429C1 /* FrozenFantasyApp.swift */,
				FF723A7B2B970EA700AC2471 /* Constants.swift */,
				FF723A8D2B973C0500AC2471 /* Info.plist */,
				FFFA3C132B94B34C009429C1 /* Preview Content */,
			);
			path = FrozenFantasy;
			sourceTree = "<group>";
		};
		FFFA3C132B94B34C009429C1 /* Preview Content */ = {
			isa = PBXGroup;
			children = (
				FFFA3C142B94B34C009429C1 /* Preview Assets.xcassets */,
				FF73D9692BDC540800184A5B /* Dummies.swift */,
			);
			path = "Preview Content";
			sourceTree = "<group>";
		};
		FFFCB9F42BC678EA00B5D151 /* Fonts */ = {
			isa = PBXGroup;
			children = (
				FFFCB9FD2BC67C8A00B5D151 /* Exo2-Bold.ttf */,
				FFFCB9FA2BC67C8A00B5D151 /* Exo2-Medium.ttf */,
				FFFCB9FC2BC67C8A00B5D151 /* Exo2-Regular.ttf */,
				FFFCB9FB2BC67C8A00B5D151 /* Exo2-SemiBold.ttf */,
			);
			path = Fonts;
			sourceTree = "<group>";
		};
		FFFCB9F72BC67B8A00B5D151 /* Extensions */ = {
			isa = PBXGroup;
			children = (
				FFFCB9F82BC67BAA00B5D151 /* FontExtension.swift */,
				FFFCBA022BC6820E00B5D151 /* ColorExtension.swift */,
				FFDA49192BE90E050078DFD2 /* DateExtension.swift */,
			);
			path = Extensions;
			sourceTree = "<group>";
		};
/* End PBXGroup section */

/* Begin PBXNativeTarget section */
		FFFA3C092B94B34A009429C1 /* FrozenFantasy */ = {
			isa = PBXNativeTarget;
			buildConfigurationList = FFFA3C2E2B94B34C009429C1 /* Build configuration list for PBXNativeTarget "FrozenFantasy" */;
			buildPhases = (
				FFFA3C062B94B34A009429C1 /* Sources */,
				FFFA3C072B94B34A009429C1 /* Frameworks */,
				FFFA3C082B94B34A009429C1 /* Resources */,
				FFDA491B2BE92E7E0078DFD2 /* Run SwiftLint */,
			);
			buildRules = (
			);
			dependencies = (
			);
			name = FrozenFantasy;
			packageProductDependencies = (
				FFE63A752BDC3A78005D8D50 /* Alamofire */,
				FFE63A782BDC3A84005D8D50 /* KeychainSwift */,
				FFA63EA92BFF4379000C31A9 /* SDWebImageSwiftUI */,
				FFA63EAC2BFF461F000C31A9 /* SDWebImageSVGCoder */,
			);
			productName = FrozenFantasy;
			productReference = FFFA3C0A2B94B34A009429C1 /* FrozenFantasy.app */;
			productType = "com.apple.product-type.application";
		};
/* End PBXNativeTarget section */

/* Begin PBXProject section */
		FFFA3C022B94B34A009429C1 /* Project object */ = {
			isa = PBXProject;
			attributes = {
				BuildIndependentTargetsInParallel = 1;
				LastSwiftUpdateCheck = 1520;
				LastUpgradeCheck = 1520;
				TargetAttributes = {
					FFFA3C092B94B34A009429C1 = {
						CreatedOnToolsVersion = 15.2;
					};
				};
			};
			buildConfigurationList = FFFA3C052B94B34A009429C1 /* Build configuration list for PBXProject "FrozenFantasy" */;
			compatibilityVersion = "Xcode 14.0";
			developmentRegion = ru;
			hasScannedForEncodings = 0;
			knownRegions = (
				Base,
				ru,
			);
			mainGroup = FFFA3C012B94B34A009429C1;
			packageReferences = (
				FFE63A742BDC3A78005D8D50 /* XCRemoteSwiftPackageReference "Alamofire" */,
				FFE63A772BDC3A84005D8D50 /* XCRemoteSwiftPackageReference "keychain-swift" */,
				FFA63EA82BFF4379000C31A9 /* XCRemoteSwiftPackageReference "SDWebImageSwiftUI" */,
				FFA63EAB2BFF461F000C31A9 /* XCRemoteSwiftPackageReference "SDWebImageSVGCoder" */,
			);
			productRefGroup = FFFA3C0B2B94B34A009429C1 /* Products */;
			projectDirPath = "";
			projectRoot = "";
			targets = (
				FFFA3C092B94B34A009429C1 /* FrozenFantasy */,
			);
		};
/* End PBXProject section */

/* Begin PBXResourcesBuildPhase section */
		FFFA3C082B94B34A009429C1 /* Resources */ = {
			isa = PBXResourcesBuildPhase;
			buildActionMask = 2147483647;
			files = (
				FFFA3C152B94B34C009429C1 /* Preview Assets.xcassets in Resources */,
				FFFA3C122B94B34C009429C1 /* Assets.xcassets in Resources */,
				FFFCB9FE2BC67C8E00B5D151 /* Exo2-Regular.ttf in Resources */,
				FFFCB9FF2BC67C8E00B5D151 /* Exo2-Medium.ttf in Resources */,
				FFFCBA002BC67C8E00B5D151 /* Exo2-Bold.ttf in Resources */,
				FFFCBA012BC67C8E00B5D151 /* Exo2-SemiBold.ttf in Resources */,
			);
			runOnlyForDeploymentPostprocessing = 0;
		};
/* End PBXResourcesBuildPhase section */

/* Begin PBXShellScriptBuildPhase section */
		FFDA491B2BE92E7E0078DFD2 /* Run SwiftLint */ = {
			isa = PBXShellScriptBuildPhase;
			alwaysOutOfDate = 1;
			buildActionMask = 2147483647;
			files = (
			);
			inputFileListPaths = (
			);
			inputPaths = (
			);
			name = "Run SwiftLint";
			outputFileListPaths = (
			);
			outputPaths = (
			);
			runOnlyForDeploymentPostprocessing = 0;
			shellPath = /bin/sh;
			shellScript = "if [[ \"$(uname -m)\" == arm64 ]]; then\n    export PATH=\"/opt/homebrew/bin:$PATH\"\nfi\n\nif which swiftlint > /dev/null; then\n    if [ \"${ENABLE_PREVIEWS}\" = \"YES\" ]; then \n        swiftlint\n    else \n        swiftlint --fix --format && swiftlint  \n    fi\nelse\n  echo \"warning: SwiftLint not installed, download from https://github.com/realm/SwiftLint\"\nfi\n";
		};
/* End PBXShellScriptBuildPhase section */

/* Begin PBXSourcesBuildPhase section */
		FFFA3C062B94B34A009429C1 /* Sources */ = {
			isa = PBXSourcesBuildPhase;
			buildActionMask = 2147483647;
			files = (
				FFA43F532BEB9C600032F7CE /* PlayersAPI.swift in Sources */,
				FF377B632BD5E65600697FE1 /* TournamentsView.swift in Sources */,
				FFDA491A2BE90E050078DFD2 /* DateExtension.swift in Sources */,
				FFFCBA052BC686DB00B5D151 /* CustomTextField.swift in Sources */,
				FF723A7E2B97104200AC2471 /* TokenManager.swift in Sources */,
				FF8F83092BBC40A000441C88 /* CustomButtonStyle.swift in Sources */,
				FF377B772BD61CE100697FE1 /* TournamentDetailView.swift in Sources */,
				FF73D96C2BDC5B4300184A5B /* TransactionsView.swift in Sources */,
				FFF535242BF4EA840066508C /* TournamentDetailViewModel.swift in Sources */,
				FFE4995E2BF4CC5A0052CB64 /* CardModel.swift in Sources */,
				FF377B752BD613BE00697FE1 /* TournamentsViewModel.swift in Sources */,
				FFE8515E2BD5CE2600378C93 /* UserAPI.swift in Sources */,
				FFFA3C0E2B94B34A009429C1 /* FrozenFantasyApp.swift in Sources */,
				FF377B692BD5E97A00697FE1 /* CollectionView.swift in Sources */,
				FF377B6B2BD5E98400697FE1 /* ProfileView.swift in Sources */,
				FF723A8C2B972DB500AC2471 /* NetworkManager.swift in Sources */,
				FF73D96A2BDC540800184A5B /* Dummies.swift in Sources */,
				FF377B6E2BD5F51100697FE1 /* TournamentsAPI.swift in Sources */,
				FF377B672BD5E96100697FE1 /* RatingsView.swift in Sources */,
				FFE4995C2BF4CC020052CB64 /* TransactionModel.swift in Sources */,
				FFF535262BF4EB0D0066508C /* MatchModel.swift in Sources */,
				FFE4995A2BF4CBEB0052CB64 /* UserModel.swift in Sources */,
				FF377B612BD5E60B00697FE1 /* RootTabBarView.swift in Sources */,
				FFE8515B2BD5CD5400378C93 /* RegistrationViewModel.swift in Sources */,
				FFE851592BD5CCF700378C93 /* RegistrationView.swift in Sources */,
				FF4DAB802BD52F7A00CC0836 /* LoginView.swift in Sources */,
				FF723A872B97280300AC2471 /* API.swift in Sources */,
				FF4DAB832BD53FE000CC0836 /* LoginViewModel.swift in Sources */,
				FF9D57E12BEB8E50005151A9 /* CollectionViewModel.swift in Sources */,
				FF9D57E62BEB95BE005151A9 /* CardView.swift in Sources */,
				FFFCB9F92BC67BAA00B5D151 /* FontExtension.swift in Sources */,
				FF723A7C2B970EA700AC2471 /* Constants.swift in Sources */,
				FF4DAB932BD5BF6900CC0836 /* CustomTextFieldValidationManager.swift in Sources */,
				FFFB699D2BFBA2A300DE48EC /* MatchCardView.swift in Sources */,
				FFE4996A2BF4CE6A0052CB64 /* SharedModels.swift in Sources */,
				FFFDC1C02BFCF27B0047F245 /* CoinLabel.swift in Sources */,
				FF377B732BD5F99000697FE1 /* TournamentCard.swift in Sources */,
				FF723A8A2B97296E00AC2471 /* AuthAPI.swift in Sources */,
				FFE499642BF4CD0A0052CB64 /* TournamentModel.swift in Sources */,
				FFFDC1C22BFCF4DB0047F245 /* CustomLabel.swift in Sources */,
				FF377B652BD5E94B00697FE1 /* TeamsView.swift in Sources */,
				FFDA49182BE908070078DFD2 /* ProfileViewModel.swift in Sources */,
				FF4DAB8E2BD58FC100CC0836 /* ValidationModifier.swift in Sources */,
				FF4DAB8B2BD56A8600CC0836 /* CustomTextFieldType.swift in Sources */,
				FFFCBA032BC6820E00B5D151 /* ColorExtension.swift in Sources */,
				FFE499582BF4CBBE0052CB64 /* TokenPair.swift in Sources */,
			);
			runOnlyForDeploymentPostprocessing = 0;
		};
/* End PBXSourcesBuildPhase section */

/* Begin XCBuildConfiguration section */
		FFFA3C2C2B94B34C009429C1 /* Debug */ = {
			isa = XCBuildConfiguration;
			buildSettings = {
				ALWAYS_SEARCH_USER_PATHS = NO;
				ASSETCATALOG_COMPILER_GENERATE_SWIFT_ASSET_SYMBOL_EXTENSIONS = YES;
				CLANG_ANALYZER_NONNULL = YES;
				CLANG_ANALYZER_NUMBER_OBJECT_CONVERSION = YES_AGGRESSIVE;
				CLANG_CXX_LANGUAGE_STANDARD = "gnu++20";
				CLANG_ENABLE_MODULES = YES;
				CLANG_ENABLE_OBJC_ARC = YES;
				CLANG_ENABLE_OBJC_WEAK = YES;
				CLANG_WARN_BLOCK_CAPTURE_AUTORELEASING = YES;
				CLANG_WARN_BOOL_CONVERSION = YES;
				CLANG_WARN_COMMA = YES;
				CLANG_WARN_CONSTANT_CONVERSION = YES;
				CLANG_WARN_DEPRECATED_OBJC_IMPLEMENTATIONS = YES;
				CLANG_WARN_DIRECT_OBJC_ISA_USAGE = YES_ERROR;
				CLANG_WARN_DOCUMENTATION_COMMENTS = YES;
				CLANG_WARN_EMPTY_BODY = YES;
				CLANG_WARN_ENUM_CONVERSION = YES;
				CLANG_WARN_INFINITE_RECURSION = YES;
				CLANG_WARN_INT_CONVERSION = YES;
				CLANG_WARN_NON_LITERAL_NULL_CONVERSION = YES;
				CLANG_WARN_OBJC_IMPLICIT_RETAIN_SELF = YES;
				CLANG_WARN_OBJC_LITERAL_CONVERSION = YES;
				CLANG_WARN_OBJC_ROOT_CLASS = YES_ERROR;
				CLANG_WARN_QUOTED_INCLUDE_IN_FRAMEWORK_HEADER = YES;
				CLANG_WARN_RANGE_LOOP_ANALYSIS = YES;
				CLANG_WARN_STRICT_PROTOTYPES = YES;
				CLANG_WARN_SUSPICIOUS_MOVE = YES;
				CLANG_WARN_UNGUARDED_AVAILABILITY = YES_AGGRESSIVE;
				CLANG_WARN_UNREACHABLE_CODE = YES;
				CLANG_WARN__DUPLICATE_METHOD_MATCH = YES;
				COPY_PHASE_STRIP = NO;
				DEBUG_INFORMATION_FORMAT = dwarf;
				ENABLE_STRICT_OBJC_MSGSEND = YES;
				ENABLE_TESTABILITY = YES;
				ENABLE_USER_SCRIPT_SANDBOXING = YES;
				GCC_C_LANGUAGE_STANDARD = gnu17;
				GCC_DYNAMIC_NO_PIC = NO;
				GCC_NO_COMMON_BLOCKS = YES;
				GCC_OPTIMIZATION_LEVEL = 0;
				GCC_PREPROCESSOR_DEFINITIONS = (
					"DEBUG=1",
					"$(inherited)",
				);
				GCC_WARN_64_TO_32_BIT_CONVERSION = YES;
				GCC_WARN_ABOUT_RETURN_TYPE = YES_ERROR;
				GCC_WARN_UNDECLARED_SELECTOR = YES;
				GCC_WARN_UNINITIALIZED_AUTOS = YES_AGGRESSIVE;
				GCC_WARN_UNUSED_FUNCTION = YES;
				GCC_WARN_UNUSED_VARIABLE = YES;
				IPHONEOS_DEPLOYMENT_TARGET = 15.0;
				LOCALIZATION_PREFERS_STRING_CATALOGS = YES;
				MTL_ENABLE_DEBUG_INFO = INCLUDE_SOURCE;
				MTL_FAST_MATH = YES;
				ONLY_ACTIVE_ARCH = YES;
				SDKROOT = iphoneos;
				SWIFT_ACTIVE_COMPILATION_CONDITIONS = "DEBUG $(inherited)";
				SWIFT_OPTIMIZATION_LEVEL = "-Onone";
			};
			name = Debug;
		};
		FFFA3C2D2B94B34C009429C1 /* Release */ = {
			isa = XCBuildConfiguration;
			buildSettings = {
				ALWAYS_SEARCH_USER_PATHS = NO;
				ASSETCATALOG_COMPILER_GENERATE_SWIFT_ASSET_SYMBOL_EXTENSIONS = YES;
				CLANG_ANALYZER_NONNULL = YES;
				CLANG_ANALYZER_NUMBER_OBJECT_CONVERSION = YES_AGGRESSIVE;
				CLANG_CXX_LANGUAGE_STANDARD = "gnu++20";
				CLANG_ENABLE_MODULES = YES;
				CLANG_ENABLE_OBJC_ARC = YES;
				CLANG_ENABLE_OBJC_WEAK = YES;
				CLANG_WARN_BLOCK_CAPTURE_AUTORELEASING = YES;
				CLANG_WARN_BOOL_CONVERSION = YES;
				CLANG_WARN_COMMA = YES;
				CLANG_WARN_CONSTANT_CONVERSION = YES;
				CLANG_WARN_DEPRECATED_OBJC_IMPLEMENTATIONS = YES;
				CLANG_WARN_DIRECT_OBJC_ISA_USAGE = YES_ERROR;
				CLANG_WARN_DOCUMENTATION_COMMENTS = YES;
				CLANG_WARN_EMPTY_BODY = YES;
				CLANG_WARN_ENUM_CONVERSION = YES;
				CLANG_WARN_INFINITE_RECURSION = YES;
				CLANG_WARN_INT_CONVERSION = YES;
				CLANG_WARN_NON_LITERAL_NULL_CONVERSION = YES;
				CLANG_WARN_OBJC_IMPLICIT_RETAIN_SELF = YES;
				CLANG_WARN_OBJC_LITERAL_CONVERSION = YES;
				CLANG_WARN_OBJC_ROOT_CLASS = YES_ERROR;
				CLANG_WARN_QUOTED_INCLUDE_IN_FRAMEWORK_HEADER = YES;
				CLANG_WARN_RANGE_LOOP_ANALYSIS = YES;
				CLANG_WARN_STRICT_PROTOTYPES = YES;
				CLANG_WARN_SUSPICIOUS_MOVE = YES;
				CLANG_WARN_UNGUARDED_AVAILABILITY = YES_AGGRESSIVE;
				CLANG_WARN_UNREACHABLE_CODE = YES;
				CLANG_WARN__DUPLICATE_METHOD_MATCH = YES;
				COPY_PHASE_STRIP = NO;
				DEBUG_INFORMATION_FORMAT = "dwarf-with-dsym";
				ENABLE_NS_ASSERTIONS = NO;
				ENABLE_STRICT_OBJC_MSGSEND = YES;
				ENABLE_USER_SCRIPT_SANDBOXING = YES;
				GCC_C_LANGUAGE_STANDARD = gnu17;
				GCC_NO_COMMON_BLOCKS = YES;
				GCC_WARN_64_TO_32_BIT_CONVERSION = YES;
				GCC_WARN_ABOUT_RETURN_TYPE = YES_ERROR;
				GCC_WARN_UNDECLARED_SELECTOR = YES;
				GCC_WARN_UNINITIALIZED_AUTOS = YES_AGGRESSIVE;
				GCC_WARN_UNUSED_FUNCTION = YES;
				GCC_WARN_UNUSED_VARIABLE = YES;
				IPHONEOS_DEPLOYMENT_TARGET = 15.0;
				LOCALIZATION_PREFERS_STRING_CATALOGS = YES;
				MTL_ENABLE_DEBUG_INFO = NO;
				MTL_FAST_MATH = YES;
				SDKROOT = iphoneos;
				SWIFT_COMPILATION_MODE = wholemodule;
				VALIDATE_PRODUCT = YES;
			};
			name = Release;
		};
		FFFA3C2F2B94B34C009429C1 /* Debug */ = {
			isa = XCBuildConfiguration;
			buildSettings = {
				ASSETCATALOG_COMPILER_APPICON_NAME = AppIcon;
				ASSETCATALOG_COMPILER_GLOBAL_ACCENT_COLOR_NAME = AccentColor;
				CODE_SIGN_STYLE = Automatic;
				CURRENT_PROJECT_VERSION = 1;
				DEVELOPMENT_ASSET_PATHS = "\"FrozenFantasy/Preview Content\"";
				DEVELOPMENT_TEAM = 757KZK47PP;
				ENABLE_PREVIEWS = YES;
				ENABLE_USER_SCRIPT_SANDBOXING = NO;
				GENERATE_INFOPLIST_FILE = YES;
				INFOPLIST_FILE = FrozenFantasy/Info.plist;
				INFOPLIST_KEY_UIApplicationSceneManifest_Generation = YES;
				INFOPLIST_KEY_UIApplicationSupportsIndirectInputEvents = YES;
				INFOPLIST_KEY_UILaunchScreen_Generation = YES;
				INFOPLIST_KEY_UISupportedInterfaceOrientations = UIInterfaceOrientationPortrait;
				INFOPLIST_KEY_UISupportedInterfaceOrientations_iPad = "UIInterfaceOrientationLandscapeLeft UIInterfaceOrientationLandscapeRight UIInterfaceOrientationPortrait UIInterfaceOrientationPortraitUpsideDown";
				INFOPLIST_KEY_UIUserInterfaceStyle = Light;
				IPHONEOS_DEPLOYMENT_TARGET = 15.0;
				LD_RUNPATH_SEARCH_PATHS = (
					"$(inherited)",
					"@executable_path/Frameworks",
				);
				MARKETING_VERSION = 1.0;
				PRODUCT_BUNDLE_IDENTIFIER = com.nikitasigal.FrozenFantasy;
				PRODUCT_NAME = "$(TARGET_NAME)";
				SUPPORTED_PLATFORMS = "iphoneos iphonesimulator";
				SUPPORTS_MACCATALYST = NO;
				SUPPORTS_MAC_DESIGNED_FOR_IPHONE_IPAD = NO;
				SUPPORTS_XR_DESIGNED_FOR_IPHONE_IPAD = NO;
				SWIFT_EMIT_LOC_STRINGS = YES;
				SWIFT_VERSION = 5.0;
				TARGETED_DEVICE_FAMILY = 1;
			};
			name = Debug;
		};
		FFFA3C302B94B34C009429C1 /* Release */ = {
			isa = XCBuildConfiguration;
			buildSettings = {
				ASSETCATALOG_COMPILER_APPICON_NAME = AppIcon;
				ASSETCATALOG_COMPILER_GLOBAL_ACCENT_COLOR_NAME = AccentColor;
				CODE_SIGN_STYLE = Automatic;
				CURRENT_PROJECT_VERSION = 1;
				DEVELOPMENT_ASSET_PATHS = "\"FrozenFantasy/Preview Content\"";
				DEVELOPMENT_TEAM = 757KZK47PP;
				ENABLE_PREVIEWS = YES;
				ENABLE_USER_SCRIPT_SANDBOXING = NO;
				GENERATE_INFOPLIST_FILE = YES;
				INFOPLIST_FILE = FrozenFantasy/Info.plist;
				INFOPLIST_KEY_UIApplicationSceneManifest_Generation = YES;
				INFOPLIST_KEY_UIApplicationSupportsIndirectInputEvents = YES;
				INFOPLIST_KEY_UILaunchScreen_Generation = YES;
				INFOPLIST_KEY_UISupportedInterfaceOrientations = UIInterfaceOrientationPortrait;
				INFOPLIST_KEY_UISupportedInterfaceOrientations_iPad = "UIInterfaceOrientationLandscapeLeft UIInterfaceOrientationLandscapeRight UIInterfaceOrientationPortrait UIInterfaceOrientationPortraitUpsideDown";
				INFOPLIST_KEY_UIUserInterfaceStyle = Light;
				IPHONEOS_DEPLOYMENT_TARGET = 15.0;
				LD_RUNPATH_SEARCH_PATHS = (
					"$(inherited)",
					"@executable_path/Frameworks",
				);
				MARKETING_VERSION = 1.0;
				PRODUCT_BUNDLE_IDENTIFIER = com.nikitasigal.FrozenFantasy;
				PRODUCT_NAME = "$(TARGET_NAME)";
				SUPPORTED_PLATFORMS = "iphoneos iphonesimulator";
				SUPPORTS_MACCATALYST = NO;
				SUPPORTS_MAC_DESIGNED_FOR_IPHONE_IPAD = NO;
				SUPPORTS_XR_DESIGNED_FOR_IPHONE_IPAD = NO;
				SWIFT_EMIT_LOC_STRINGS = YES;
				SWIFT_VERSION = 5.0;
				TARGETED_DEVICE_FAMILY = 1;
			};
			name = Release;
		};
/* End XCBuildConfiguration section */

/* Begin XCConfigurationList section */
		FFFA3C052B94B34A009429C1 /* Build configuration list for PBXProject "FrozenFantasy" */ = {
			isa = XCConfigurationList;
			buildConfigurations = (
				FFFA3C2C2B94B34C009429C1 /* Debug */,
				FFFA3C2D2B94B34C009429C1 /* Release */,
			);
			defaultConfigurationIsVisible = 0;
			defaultConfigurationName = Release;
		};
		FFFA3C2E2B94B34C009429C1 /* Build configuration list for PBXNativeTarget "FrozenFantasy" */ = {
			isa = XCConfigurationList;
			buildConfigurations = (
				FFFA3C2F2B94B34C009429C1 /* Debug */,
				FFFA3C302B94B34C009429C1 /* Release */,
			);
			defaultConfigurationIsVisible = 0;
			defaultConfigurationName = Release;
		};
/* End XCConfigurationList section */

/* Begin XCRemoteSwiftPackageReference section */
		FFA63EA82BFF4379000C31A9 /* XCRemoteSwiftPackageReference "SDWebImageSwiftUI" */ = {
			isa = XCRemoteSwiftPackageReference;
			repositoryURL = "https://github.com/SDWebImage/SDWebImageSwiftUI.git";
			requirement = {
				kind = upToNextMajorVersion;
				minimumVersion = 3.0.4;
			};
		};
		FFA63EAB2BFF461F000C31A9 /* XCRemoteSwiftPackageReference "SDWebImageSVGCoder" */ = {
			isa = XCRemoteSwiftPackageReference;
			repositoryURL = "https://github.com/SDWebImage/SDWebImageSVGCoder.git";
			requirement = {
				kind = upToNextMajorVersion;
				minimumVersion = 1.7.0;
			};
		};
		FFE63A742BDC3A78005D8D50 /* XCRemoteSwiftPackageReference "Alamofire" */ = {
			isa = XCRemoteSwiftPackageReference;
			repositoryURL = "https://github.com/Alamofire/Alamofire";
			requirement = {
				kind = upToNextMajorVersion;
				minimumVersion = 5.9.1;
			};
		};
		FFE63A772BDC3A84005D8D50 /* XCRemoteSwiftPackageReference "keychain-swift" */ = {
			isa = XCRemoteSwiftPackageReference;
			repositoryURL = "https://github.com/evgenyneu/keychain-swift";
			requirement = {
				kind = upToNextMajorVersion;
				minimumVersion = 24.0.0;
			};
		};
/* End XCRemoteSwiftPackageReference section */

/* Begin XCSwiftPackageProductDependency section */
		FFA63EA92BFF4379000C31A9 /* SDWebImageSwiftUI */ = {
			isa = XCSwiftPackageProductDependency;
			package = FFA63EA82BFF4379000C31A9 /* XCRemoteSwiftPackageReference "SDWebImageSwiftUI" */;
			productName = SDWebImageSwiftUI;
		};
		FFA63EAC2BFF461F000C31A9 /* SDWebImageSVGCoder */ = {
			isa = XCSwiftPackageProductDependency;
			package = FFA63EAB2BFF461F000C31A9 /* XCRemoteSwiftPackageReference "SDWebImageSVGCoder" */;
			productName = SDWebImageSVGCoder;
		};
		FFE63A752BDC3A78005D8D50 /* Alamofire */ = {
			isa = XCSwiftPackageProductDependency;
			package = FFE63A742BDC3A78005D8D50 /* XCRemoteSwiftPackageReference "Alamofire" */;
			productName = Alamofire;
		};
		FFE63A782BDC3A84005D8D50 /* KeychainSwift */ = {
			isa = XCSwiftPackageProductDependency;
			package = FFE63A772BDC3A84005D8D50 /* XCRemoteSwiftPackageReference "keychain-swift" */;
			productName = KeychainSwift;
		};
/* End XCSwiftPackageProductDependency section */
	};
	rootObject = FFFA3C022B94B34A009429C1 /* Project object */;
}
