// !$*UTF8*$!
{
	archiveVersion = 1;
	classes = {
	};
	objectVersion = 56;
	objects = {

/* Begin PBXBuildFile section */
		FF723A7C2B970EA700AC2471 /* Constants.swift in Sources */ = {isa = PBXBuildFile; fileRef = FF723A7B2B970EA700AC2471 /* Constants.swift */; };
		FF723A7E2B97104200AC2471 /* TokenManager.swift in Sources */ = {isa = PBXBuildFile; fileRef = FF723A7D2B97104200AC2471 /* TokenManager.swift */; };
		FF723A852B97221900AC2471 /* Alamofire in Frameworks */ = {isa = PBXBuildFile; productRef = FF723A842B97221900AC2471 /* Alamofire */; };
		FF723A872B97280300AC2471 /* API.swift in Sources */ = {isa = PBXBuildFile; fileRef = FF723A862B97280300AC2471 /* API.swift */; };
		FF723A8A2B97296E00AC2471 /* AuthAPI.swift in Sources */ = {isa = PBXBuildFile; fileRef = FF723A892B97296E00AC2471 /* AuthAPI.swift */; };
		FF723A8C2B972DB500AC2471 /* NetworkManager.swift in Sources */ = {isa = PBXBuildFile; fileRef = FF723A8B2B972DB500AC2471 /* NetworkManager.swift */; };
		FF8F83092BBC40A000441C88 /* CustomButtonStyle.swift in Sources */ = {isa = PBXBuildFile; fileRef = FF8F83082BBC40A000441C88 /* CustomButtonStyle.swift */; };
		FFFA3C0E2B94B34A009429C1 /* FrozenFantasyApp.swift in Sources */ = {isa = PBXBuildFile; fileRef = FFFA3C0D2B94B34A009429C1 /* FrozenFantasyApp.swift */; };
		FFFA3C102B94B34A009429C1 /* ContentView.swift in Sources */ = {isa = PBXBuildFile; fileRef = FFFA3C0F2B94B34A009429C1 /* ContentView.swift */; };
		FFFA3C122B94B34C009429C1 /* Assets.xcassets in Resources */ = {isa = PBXBuildFile; fileRef = FFFA3C112B94B34C009429C1 /* Assets.xcassets */; };
		FFFA3C152B94B34C009429C1 /* Preview Assets.xcassets in Resources */ = {isa = PBXBuildFile; fileRef = FFFA3C142B94B34C009429C1 /* Preview Assets.xcassets */; };
		FFFA3C1F2B94B34C009429C1 /* FrozenFantasyTests.swift in Sources */ = {isa = PBXBuildFile; fileRef = FFFA3C1E2B94B34C009429C1 /* FrozenFantasyTests.swift */; };
		FFFA3C292B94B34C009429C1 /* FrozenFantasyUITests.swift in Sources */ = {isa = PBXBuildFile; fileRef = FFFA3C282B94B34C009429C1 /* FrozenFantasyUITests.swift */; };
		FFFA3C2B2B94B34C009429C1 /* FrozenFantasyUITestsLaunchTests.swift in Sources */ = {isa = PBXBuildFile; fileRef = FFFA3C2A2B94B34C009429C1 /* FrozenFantasyUITestsLaunchTests.swift */; };
		FFFCB9F92BC67BAA00B5D151 /* FontExtension.swift in Sources */ = {isa = PBXBuildFile; fileRef = FFFCB9F82BC67BAA00B5D151 /* FontExtension.swift */; };
		FFFCB9FE2BC67C8E00B5D151 /* Exo2-Regular.ttf in Resources */ = {isa = PBXBuildFile; fileRef = FFFCB9FC2BC67C8A00B5D151 /* Exo2-Regular.ttf */; };
		FFFCB9FF2BC67C8E00B5D151 /* Exo2-Medium.ttf in Resources */ = {isa = PBXBuildFile; fileRef = FFFCB9FA2BC67C8A00B5D151 /* Exo2-Medium.ttf */; };
		FFFCBA002BC67C8E00B5D151 /* Exo2-Bold.ttf in Resources */ = {isa = PBXBuildFile; fileRef = FFFCB9FD2BC67C8A00B5D151 /* Exo2-Bold.ttf */; };
		FFFCBA012BC67C8E00B5D151 /* Exo2-SemiBold.ttf in Resources */ = {isa = PBXBuildFile; fileRef = FFFCB9FB2BC67C8A00B5D151 /* Exo2-SemiBold.ttf */; };
		FFFCBA032BC6820E00B5D151 /* ColorExtension.swift in Sources */ = {isa = PBXBuildFile; fileRef = FFFCBA022BC6820E00B5D151 /* ColorExtension.swift */; };
		FFFCBA052BC686DB00B5D151 /* CustomTextField.swift in Sources */ = {isa = PBXBuildFile; fileRef = FFFCBA042BC686DB00B5D151 /* CustomTextField.swift */; };
/* End PBXBuildFile section */

/* Begin PBXContainerItemProxy section */
		FFFA3C1B2B94B34C009429C1 /* PBXContainerItemProxy */ = {
			isa = PBXContainerItemProxy;
			containerPortal = FFFA3C022B94B34A009429C1 /* Project object */;
			proxyType = 1;
			remoteGlobalIDString = FFFA3C092B94B34A009429C1;
			remoteInfo = FrozenFantasy;
		};
		FFFA3C252B94B34C009429C1 /* PBXContainerItemProxy */ = {
			isa = PBXContainerItemProxy;
			containerPortal = FFFA3C022B94B34A009429C1 /* Project object */;
			proxyType = 1;
			remoteGlobalIDString = FFFA3C092B94B34A009429C1;
			remoteInfo = FrozenFantasy;
		};
/* End PBXContainerItemProxy section */

/* Begin PBXFileReference section */
		FF723A7B2B970EA700AC2471 /* Constants.swift */ = {isa = PBXFileReference; lastKnownFileType = sourcecode.swift; path = Constants.swift; sourceTree = "<group>"; };
		FF723A7D2B97104200AC2471 /* TokenManager.swift */ = {isa = PBXFileReference; lastKnownFileType = sourcecode.swift; path = TokenManager.swift; sourceTree = "<group>"; };
		FF723A862B97280300AC2471 /* API.swift */ = {isa = PBXFileReference; lastKnownFileType = sourcecode.swift; path = API.swift; sourceTree = "<group>"; };
		FF723A892B97296E00AC2471 /* AuthAPI.swift */ = {isa = PBXFileReference; lastKnownFileType = sourcecode.swift; path = AuthAPI.swift; sourceTree = "<group>"; };
		FF723A8B2B972DB500AC2471 /* NetworkManager.swift */ = {isa = PBXFileReference; lastKnownFileType = sourcecode.swift; path = NetworkManager.swift; sourceTree = "<group>"; };
		FF723A8D2B973C0500AC2471 /* Info.plist */ = {isa = PBXFileReference; lastKnownFileType = text.plist; path = Info.plist; sourceTree = "<group>"; };
		FF8F83082BBC40A000441C88 /* CustomButtonStyle.swift */ = {isa = PBXFileReference; lastKnownFileType = sourcecode.swift; path = CustomButtonStyle.swift; sourceTree = "<group>"; };
		FFFA3C0A2B94B34A009429C1 /* FrozenFantasy.app */ = {isa = PBXFileReference; explicitFileType = wrapper.application; includeInIndex = 0; path = FrozenFantasy.app; sourceTree = BUILT_PRODUCTS_DIR; };
		FFFA3C0D2B94B34A009429C1 /* FrozenFantasyApp.swift */ = {isa = PBXFileReference; lastKnownFileType = sourcecode.swift; path = FrozenFantasyApp.swift; sourceTree = "<group>"; };
		FFFA3C0F2B94B34A009429C1 /* ContentView.swift */ = {isa = PBXFileReference; lastKnownFileType = sourcecode.swift; path = ContentView.swift; sourceTree = "<group>"; };
		FFFA3C112B94B34C009429C1 /* Assets.xcassets */ = {isa = PBXFileReference; lastKnownFileType = folder.assetcatalog; path = Assets.xcassets; sourceTree = "<group>"; };
		FFFA3C142B94B34C009429C1 /* Preview Assets.xcassets */ = {isa = PBXFileReference; lastKnownFileType = folder.assetcatalog; path = "Preview Assets.xcassets"; sourceTree = "<group>"; };
		FFFA3C1A2B94B34C009429C1 /* FrozenFantasyTests.xctest */ = {isa = PBXFileReference; explicitFileType = wrapper.cfbundle; includeInIndex = 0; path = FrozenFantasyTests.xctest; sourceTree = BUILT_PRODUCTS_DIR; };
		FFFA3C1E2B94B34C009429C1 /* FrozenFantasyTests.swift */ = {isa = PBXFileReference; lastKnownFileType = sourcecode.swift; path = FrozenFantasyTests.swift; sourceTree = "<group>"; };
		FFFA3C242B94B34C009429C1 /* FrozenFantasyUITests.xctest */ = {isa = PBXFileReference; explicitFileType = wrapper.cfbundle; includeInIndex = 0; path = FrozenFantasyUITests.xctest; sourceTree = BUILT_PRODUCTS_DIR; };
		FFFA3C282B94B34C009429C1 /* FrozenFantasyUITests.swift */ = {isa = PBXFileReference; lastKnownFileType = sourcecode.swift; path = FrozenFantasyUITests.swift; sourceTree = "<group>"; };
		FFFA3C2A2B94B34C009429C1 /* FrozenFantasyUITestsLaunchTests.swift */ = {isa = PBXFileReference; lastKnownFileType = sourcecode.swift; path = FrozenFantasyUITestsLaunchTests.swift; sourceTree = "<group>"; };
		FFFCB9F82BC67BAA00B5D151 /* FontExtension.swift */ = {isa = PBXFileReference; lastKnownFileType = sourcecode.swift; path = FontExtension.swift; sourceTree = "<group>"; };
		FFFCB9FA2BC67C8A00B5D151 /* Exo2-Medium.ttf */ = {isa = PBXFileReference; lastKnownFileType = file; path = "Exo2-Medium.ttf"; sourceTree = "<group>"; };
		FFFCB9FB2BC67C8A00B5D151 /* Exo2-SemiBold.ttf */ = {isa = PBXFileReference; lastKnownFileType = file; path = "Exo2-SemiBold.ttf"; sourceTree = "<group>"; };
		FFFCB9FC2BC67C8A00B5D151 /* Exo2-Regular.ttf */ = {isa = PBXFileReference; lastKnownFileType = file; path = "Exo2-Regular.ttf"; sourceTree = "<group>"; };
		FFFCB9FD2BC67C8A00B5D151 /* Exo2-Bold.ttf */ = {isa = PBXFileReference; lastKnownFileType = file; path = "Exo2-Bold.ttf"; sourceTree = "<group>"; };
		FFFCBA022BC6820E00B5D151 /* ColorExtension.swift */ = {isa = PBXFileReference; lastKnownFileType = sourcecode.swift; path = ColorExtension.swift; sourceTree = "<group>"; };
		FFFCBA042BC686DB00B5D151 /* CustomTextField.swift */ = {isa = PBXFileReference; lastKnownFileType = sourcecode.swift; path = CustomTextField.swift; sourceTree = "<group>"; };
/* End PBXFileReference section */

/* Begin PBXFrameworksBuildPhase section */
		FFFA3C072B94B34A009429C1 /* Frameworks */ = {
			isa = PBXFrameworksBuildPhase;
			buildActionMask = 2147483647;
			files = (
				FF723A852B97221900AC2471 /* Alamofire in Frameworks */,
			);
			runOnlyForDeploymentPostprocessing = 0;
		};
		FFFA3C172B94B34C009429C1 /* Frameworks */ = {
			isa = PBXFrameworksBuildPhase;
			buildActionMask = 2147483647;
			files = (
			);
			runOnlyForDeploymentPostprocessing = 0;
		};
		FFFA3C212B94B34C009429C1 /* Frameworks */ = {
			isa = PBXFrameworksBuildPhase;
			buildActionMask = 2147483647;
			files = (
			);
			runOnlyForDeploymentPostprocessing = 0;
		};
/* End PBXFrameworksBuildPhase section */

/* Begin PBXGroup section */
		FF723A782B970D1F00AC2471 /* Networking */ = {
			isa = PBXGroup;
			children = (
				FF723A862B97280300AC2471 /* API.swift */,
				FF723A892B97296E00AC2471 /* AuthAPI.swift */,
				FF723A7D2B97104200AC2471 /* TokenManager.swift */,
				FF723A8B2B972DB500AC2471 /* NetworkManager.swift */,
			);
			path = Networking;
			sourceTree = "<group>";
		};
		FF8F83072BBC407D00441C88 /* Components */ = {
			isa = PBXGroup;
			children = (
				FF8F83082BBC40A000441C88 /* CustomButtonStyle.swift */,
				FFFCBA042BC686DB00B5D151 /* CustomTextField.swift */,
			);
			path = Components;
			sourceTree = "<group>";
		};
		FFFA3C012B94B34A009429C1 = {
			isa = PBXGroup;
			children = (
				FFFA3C0C2B94B34A009429C1 /* FrozenFantasy */,
				FFFA3C1D2B94B34C009429C1 /* FrozenFantasyTests */,
				FFFA3C272B94B34C009429C1 /* FrozenFantasyUITests */,
				FFFA3C0B2B94B34A009429C1 /* Products */,
			);
			sourceTree = "<group>";
		};
		FFFA3C0B2B94B34A009429C1 /* Products */ = {
			isa = PBXGroup;
			children = (
				FFFA3C0A2B94B34A009429C1 /* FrozenFantasy.app */,
				FFFA3C1A2B94B34C009429C1 /* FrozenFantasyTests.xctest */,
				FFFA3C242B94B34C009429C1 /* FrozenFantasyUITests.xctest */,
			);
			name = Products;
			sourceTree = "<group>";
		};
		FFFA3C0C2B94B34A009429C1 /* FrozenFantasy */ = {
			isa = PBXGroup;
			children = (
				FFFCB9F42BC678EA00B5D151 /* Fonts */,
				FFFA3C112B94B34C009429C1 /* Assets.xcassets */,
				FF723A8D2B973C0500AC2471 /* Info.plist */,
				FFFA3C0D2B94B34A009429C1 /* FrozenFantasyApp.swift */,
				FFFA3C0F2B94B34A009429C1 /* ContentView.swift */,
				FF723A7B2B970EA700AC2471 /* Constants.swift */,
				FF723A782B970D1F00AC2471 /* Networking */,
				FF8F83072BBC407D00441C88 /* Components */,
				FFFCB9F72BC67B8A00B5D151 /* Extensions */,
				FFFA3C132B94B34C009429C1 /* Preview Content */,
			);
			path = FrozenFantasy;
			sourceTree = "<group>";
		};
		FFFA3C132B94B34C009429C1 /* Preview Content */ = {
			isa = PBXGroup;
			children = (
				FFFA3C142B94B34C009429C1 /* Preview Assets.xcassets */,
			);
			path = "Preview Content";
			sourceTree = "<group>";
		};
		FFFA3C1D2B94B34C009429C1 /* FrozenFantasyTests */ = {
			isa = PBXGroup;
			children = (
				FFFA3C1E2B94B34C009429C1 /* FrozenFantasyTests.swift */,
			);
			path = FrozenFantasyTests;
			sourceTree = "<group>";
		};
		FFFA3C272B94B34C009429C1 /* FrozenFantasyUITests */ = {
			isa = PBXGroup;
			children = (
				FFFA3C282B94B34C009429C1 /* FrozenFantasyUITests.swift */,
				FFFA3C2A2B94B34C009429C1 /* FrozenFantasyUITestsLaunchTests.swift */,
			);
			path = FrozenFantasyUITests;
			sourceTree = "<group>";
		};
		FFFCB9F42BC678EA00B5D151 /* Fonts */ = {
			isa = PBXGroup;
			children = (
				FFFCB9FD2BC67C8A00B5D151 /* Exo2-Bold.ttf */,
				FFFCB9FA2BC67C8A00B5D151 /* Exo2-Medium.ttf */,
				FFFCB9FC2BC67C8A00B5D151 /* Exo2-Regular.ttf */,
				FFFCB9FB2BC67C8A00B5D151 /* Exo2-SemiBold.ttf */,
			);
			path = Fonts;
			sourceTree = "<group>";
		};
		FFFCB9F72BC67B8A00B5D151 /* Extensions */ = {
			isa = PBXGroup;
			children = (
				FFFCB9F82BC67BAA00B5D151 /* FontExtension.swift */,
				FFFCBA022BC6820E00B5D151 /* ColorExtension.swift */,
			);
			path = Extensions;
			sourceTree = "<group>";
		};
/* End PBXGroup section */

/* Begin PBXNativeTarget section */
		FFFA3C092B94B34A009429C1 /* FrozenFantasy */ = {
			isa = PBXNativeTarget;
			buildConfigurationList = FFFA3C2E2B94B34C009429C1 /* Build configuration list for PBXNativeTarget "FrozenFantasy" */;
			buildPhases = (
				FFFA3C062B94B34A009429C1 /* Sources */,
				FFFA3C072B94B34A009429C1 /* Frameworks */,
				FFFA3C082B94B34A009429C1 /* Resources */,
			);
			buildRules = (
			);
			dependencies = (
			);
			name = FrozenFantasy;
			packageProductDependencies = (
				FF723A842B97221900AC2471 /* Alamofire */,
			);
			productName = FrozenFantasy;
			productReference = FFFA3C0A2B94B34A009429C1 /* FrozenFantasy.app */;
			productType = "com.apple.product-type.application";
		};
		FFFA3C192B94B34C009429C1 /* FrozenFantasyTests */ = {
			isa = PBXNativeTarget;
			buildConfigurationList = FFFA3C312B94B34C009429C1 /* Build configuration list for PBXNativeTarget "FrozenFantasyTests" */;
			buildPhases = (
				FFFA3C162B94B34C009429C1 /* Sources */,
				FFFA3C172B94B34C009429C1 /* Frameworks */,
				FFFA3C182B94B34C009429C1 /* Resources */,
			);
			buildRules = (
			);
			dependencies = (
				FFFA3C1C2B94B34C009429C1 /* PBXTargetDependency */,
			);
			name = FrozenFantasyTests;
			productName = FrozenFantasyTests;
			productReference = FFFA3C1A2B94B34C009429C1 /* FrozenFantasyTests.xctest */;
			productType = "com.apple.product-type.bundle.unit-test";
		};
		FFFA3C232B94B34C009429C1 /* FrozenFantasyUITests */ = {
			isa = PBXNativeTarget;
			buildConfigurationList = FFFA3C342B94B34C009429C1 /* Build configuration list for PBXNativeTarget "FrozenFantasyUITests" */;
			buildPhases = (
				FFFA3C202B94B34C009429C1 /* Sources */,
				FFFA3C212B94B34C009429C1 /* Frameworks */,
				FFFA3C222B94B34C009429C1 /* Resources */,
			);
			buildRules = (
			);
			dependencies = (
				FFFA3C262B94B34C009429C1 /* PBXTargetDependency */,
			);
			name = FrozenFantasyUITests;
			productName = FrozenFantasyUITests;
			productReference = FFFA3C242B94B34C009429C1 /* FrozenFantasyUITests.xctest */;
			productType = "com.apple.product-type.bundle.ui-testing";
		};
/* End PBXNativeTarget section */

/* Begin PBXProject section */
		FFFA3C022B94B34A009429C1 /* Project object */ = {
			isa = PBXProject;
			attributes = {
				BuildIndependentTargetsInParallel = 1;
				LastSwiftUpdateCheck = 1520;
				LastUpgradeCheck = 1520;
				TargetAttributes = {
					FFFA3C092B94B34A009429C1 = {
						CreatedOnToolsVersion = 15.2;
					};
					FFFA3C192B94B34C009429C1 = {
						CreatedOnToolsVersion = 15.2;
						TestTargetID = FFFA3C092B94B34A009429C1;
					};
					FFFA3C232B94B34C009429C1 = {
						CreatedOnToolsVersion = 15.2;
						TestTargetID = FFFA3C092B94B34A009429C1;
					};
				};
			};
			buildConfigurationList = FFFA3C052B94B34A009429C1 /* Build configuration list for PBXProject "FrozenFantasy" */;
			compatibilityVersion = "Xcode 14.0";
			developmentRegion = en;
			hasScannedForEncodings = 0;
			knownRegions = (
				en,
				Base,
			);
			mainGroup = FFFA3C012B94B34A009429C1;
			packageReferences = (
				FF723A832B97221900AC2471 /* XCRemoteSwiftPackageReference "Alamofire" */,
			);
			productRefGroup = FFFA3C0B2B94B34A009429C1 /* Products */;
			projectDirPath = "";
			projectRoot = "";
			targets = (
				FFFA3C092B94B34A009429C1 /* FrozenFantasy */,
				FFFA3C192B94B34C009429C1 /* FrozenFantasyTests */,
				FFFA3C232B94B34C009429C1 /* FrozenFantasyUITests */,
			);
		};
/* End PBXProject section */

/* Begin PBXResourcesBuildPhase section */
		FFFA3C082B94B34A009429C1 /* Resources */ = {
			isa = PBXResourcesBuildPhase;
			buildActionMask = 2147483647;
			files = (
				FFFA3C152B94B34C009429C1 /* Preview Assets.xcassets in Resources */,
				FFFA3C122B94B34C009429C1 /* Assets.xcassets in Resources */,
				FFFCB9FE2BC67C8E00B5D151 /* Exo2-Regular.ttf in Resources */,
				FFFCB9FF2BC67C8E00B5D151 /* Exo2-Medium.ttf in Resources */,
				FFFCBA002BC67C8E00B5D151 /* Exo2-Bold.ttf in Resources */,
				FFFCBA012BC67C8E00B5D151 /* Exo2-SemiBold.ttf in Resources */,
			);
			runOnlyForDeploymentPostprocessing = 0;
		};
		FFFA3C182B94B34C009429C1 /* Resources */ = {
			isa = PBXResourcesBuildPhase;
			buildActionMask = 2147483647;
			files = (
			);
			runOnlyForDeploymentPostprocessing = 0;
		};
		FFFA3C222B94B34C009429C1 /* Resources */ = {
			isa = PBXResourcesBuildPhase;
			buildActionMask = 2147483647;
			files = (
			);
			runOnlyForDeploymentPostprocessing = 0;
		};
/* End PBXResourcesBuildPhase section */

/* Begin PBXSourcesBuildPhase section */
		FFFA3C062B94B34A009429C1 /* Sources */ = {
			isa = PBXSourcesBuildPhase;
			buildActionMask = 2147483647;
			files = (
				FFFA3C102B94B34A009429C1 /* ContentView.swift in Sources */,
				FFFCBA052BC686DB00B5D151 /* CustomTextField.swift in Sources */,
				FF723A7E2B97104200AC2471 /* TokenManager.swift in Sources */,
				FF8F83092BBC40A000441C88 /* CustomButtonStyle.swift in Sources */,
				FFFA3C0E2B94B34A009429C1 /* FrozenFantasyApp.swift in Sources */,
				FF723A8C2B972DB500AC2471 /* NetworkManager.swift in Sources */,
				FF723A872B97280300AC2471 /* API.swift in Sources */,
				FFFCB9F92BC67BAA00B5D151 /* FontExtension.swift in Sources */,
				FF723A7C2B970EA700AC2471 /* Constants.swift in Sources */,
				FF723A8A2B97296E00AC2471 /* AuthAPI.swift in Sources */,
				FFFCBA032BC6820E00B5D151 /* ColorExtension.swift in Sources */,
			);
			runOnlyForDeploymentPostprocessing = 0;
		};
		FFFA3C162B94B34C009429C1 /* Sources */ = {
			isa = PBXSourcesBuildPhase;
			buildActionMask = 2147483647;
			files = (
				FFFA3C1F2B94B34C009429C1 /* FrozenFantasyTests.swift in Sources */,
			);
			runOnlyForDeploymentPostprocessing = 0;
		};
		FFFA3C202B94B34C009429C1 /* Sources */ = {
			isa = PBXSourcesBuildPhase;
			buildActionMask = 2147483647;
			files = (
				FFFA3C292B94B34C009429C1 /* FrozenFantasyUITests.swift in Sources */,
				FFFA3C2B2B94B34C009429C1 /* FrozenFantasyUITestsLaunchTests.swift in Sources */,
			);
			runOnlyForDeploymentPostprocessing = 0;
		};
/* End PBXSourcesBuildPhase section */

/* Begin PBXTargetDependency section */
		FFFA3C1C2B94B34C009429C1 /* PBXTargetDependency */ = {
			isa = PBXTargetDependency;
			target = FFFA3C092B94B34A009429C1 /* FrozenFantasy */;
			targetProxy = FFFA3C1B2B94B34C009429C1 /* PBXContainerItemProxy */;
		};
		FFFA3C262B94B34C009429C1 /* PBXTargetDependency */ = {
			isa = PBXTargetDependency;
			target = FFFA3C092B94B34A009429C1 /* FrozenFantasy */;
			targetProxy = FFFA3C252B94B34C009429C1 /* PBXContainerItemProxy */;
		};
/* End PBXTargetDependency section */

/* Begin XCBuildConfiguration section */
		FFFA3C2C2B94B34C009429C1 /* Debug */ = {
			isa = XCBuildConfiguration;
			buildSettings = {
				ALWAYS_SEARCH_USER_PATHS = NO;
				ASSETCATALOG_COMPILER_GENERATE_SWIFT_ASSET_SYMBOL_EXTENSIONS = YES;
				CLANG_ANALYZER_NONNULL = YES;
				CLANG_ANALYZER_NUMBER_OBJECT_CONVERSION = YES_AGGRESSIVE;
				CLANG_CXX_LANGUAGE_STANDARD = "gnu++20";
				CLANG_ENABLE_MODULES = YES;
				CLANG_ENABLE_OBJC_ARC = YES;
				CLANG_ENABLE_OBJC_WEAK = YES;
				CLANG_WARN_BLOCK_CAPTURE_AUTORELEASING = YES;
				CLANG_WARN_BOOL_CONVERSION = YES;
				CLANG_WARN_COMMA = YES;
				CLANG_WARN_CONSTANT_CONVERSION = YES;
				CLANG_WARN_DEPRECATED_OBJC_IMPLEMENTATIONS = YES;
				CLANG_WARN_DIRECT_OBJC_ISA_USAGE = YES_ERROR;
				CLANG_WARN_DOCUMENTATION_COMMENTS = YES;
				CLANG_WARN_EMPTY_BODY = YES;
				CLANG_WARN_ENUM_CONVERSION = YES;
				CLANG_WARN_INFINITE_RECURSION = YES;
				CLANG_WARN_INT_CONVERSION = YES;
				CLANG_WARN_NON_LITERAL_NULL_CONVERSION = YES;
				CLANG_WARN_OBJC_IMPLICIT_RETAIN_SELF = YES;
				CLANG_WARN_OBJC_LITERAL_CONVERSION = YES;
				CLANG_WARN_OBJC_ROOT_CLASS = YES_ERROR;
				CLANG_WARN_QUOTED_INCLUDE_IN_FRAMEWORK_HEADER = YES;
				CLANG_WARN_RANGE_LOOP_ANALYSIS = YES;
				CLANG_WARN_STRICT_PROTOTYPES = YES;
				CLANG_WARN_SUSPICIOUS_MOVE = YES;
				CLANG_WARN_UNGUARDED_AVAILABILITY = YES_AGGRESSIVE;
				CLANG_WARN_UNREACHABLE_CODE = YES;
				CLANG_WARN__DUPLICATE_METHOD_MATCH = YES;
				COPY_PHASE_STRIP = NO;
				DEBUG_INFORMATION_FORMAT = dwarf;
				ENABLE_STRICT_OBJC_MSGSEND = YES;
				ENABLE_TESTABILITY = YES;
				ENABLE_USER_SCRIPT_SANDBOXING = YES;
				GCC_C_LANGUAGE_STANDARD = gnu17;
				GCC_DYNAMIC_NO_PIC = NO;
				GCC_NO_COMMON_BLOCKS = YES;
				GCC_OPTIMIZATION_LEVEL = 0;
				GCC_PREPROCESSOR_DEFINITIONS = (
					"DEBUG=1",
					"$(inherited)",
				);
				GCC_WARN_64_TO_32_BIT_CONVERSION = YES;
				GCC_WARN_ABOUT_RETURN_TYPE = YES_ERROR;
				GCC_WARN_UNDECLARED_SELECTOR = YES;
				GCC_WARN_UNINITIALIZED_AUTOS = YES_AGGRESSIVE;
				GCC_WARN_UNUSED_FUNCTION = YES;
				GCC_WARN_UNUSED_VARIABLE = YES;
				IPHONEOS_DEPLOYMENT_TARGET = 15.0;
				LOCALIZATION_PREFERS_STRING_CATALOGS = YES;
				MTL_ENABLE_DEBUG_INFO = INCLUDE_SOURCE;
				MTL_FAST_MATH = YES;
				ONLY_ACTIVE_ARCH = YES;
				SDKROOT = iphoneos;
				SWIFT_ACTIVE_COMPILATION_CONDITIONS = "DEBUG $(inherited)";
				SWIFT_OPTIMIZATION_LEVEL = "-Onone";
			};
			name = Debug;
		};
		FFFA3C2D2B94B34C009429C1 /* Release */ = {
			isa = XCBuildConfiguration;
			buildSettings = {
				ALWAYS_SEARCH_USER_PATHS = NO;
				ASSETCATALOG_COMPILER_GENERATE_SWIFT_ASSET_SYMBOL_EXTENSIONS = YES;
				CLANG_ANALYZER_NONNULL = YES;
				CLANG_ANALYZER_NUMBER_OBJECT_CONVERSION = YES_AGGRESSIVE;
				CLANG_CXX_LANGUAGE_STANDARD = "gnu++20";
				CLANG_ENABLE_MODULES = YES;
				CLANG_ENABLE_OBJC_ARC = YES;
				CLANG_ENABLE_OBJC_WEAK = YES;
				CLANG_WARN_BLOCK_CAPTURE_AUTORELEASING = YES;
				CLANG_WARN_BOOL_CONVERSION = YES;
				CLANG_WARN_COMMA = YES;
				CLANG_WARN_CONSTANT_CONVERSION = YES;
				CLANG_WARN_DEPRECATED_OBJC_IMPLEMENTATIONS = YES;
				CLANG_WARN_DIRECT_OBJC_ISA_USAGE = YES_ERROR;
				CLANG_WARN_DOCUMENTATION_COMMENTS = YES;
				CLANG_WARN_EMPTY_BODY = YES;
				CLANG_WARN_ENUM_CONVERSION = YES;
				CLANG_WARN_INFINITE_RECURSION = YES;
				CLANG_WARN_INT_CONVERSION = YES;
				CLANG_WARN_NON_LITERAL_NULL_CONVERSION = YES;
				CLANG_WARN_OBJC_IMPLICIT_RETAIN_SELF = YES;
				CLANG_WARN_OBJC_LITERAL_CONVERSION = YES;
				CLANG_WARN_OBJC_ROOT_CLASS = YES_ERROR;
				CLANG_WARN_QUOTED_INCLUDE_IN_FRAMEWORK_HEADER = YES;
				CLANG_WARN_RANGE_LOOP_ANALYSIS = YES;
				CLANG_WARN_STRICT_PROTOTYPES = YES;
				CLANG_WARN_SUSPICIOUS_MOVE = YES;
				CLANG_WARN_UNGUARDED_AVAILABILITY = YES_AGGRESSIVE;
				CLANG_WARN_UNREACHABLE_CODE = YES;
				CLANG_WARN__DUPLICATE_METHOD_MATCH = YES;
				COPY_PHASE_STRIP = NO;
				DEBUG_INFORMATION_FORMAT = "dwarf-with-dsym";
				ENABLE_NS_ASSERTIONS = NO;
				ENABLE_STRICT_OBJC_MSGSEND = YES;
				ENABLE_USER_SCRIPT_SANDBOXING = YES;
				GCC_C_LANGUAGE_STANDARD = gnu17;
				GCC_NO_COMMON_BLOCKS = YES;
				GCC_WARN_64_TO_32_BIT_CONVERSION = YES;
				GCC_WARN_ABOUT_RETURN_TYPE = YES_ERROR;
				GCC_WARN_UNDECLARED_SELECTOR = YES;
				GCC_WARN_UNINITIALIZED_AUTOS = YES_AGGRESSIVE;
				GCC_WARN_UNUSED_FUNCTION = YES;
				GCC_WARN_UNUSED_VARIABLE = YES;
				IPHONEOS_DEPLOYMENT_TARGET = 15.0;
				LOCALIZATION_PREFERS_STRING_CATALOGS = YES;
				MTL_ENABLE_DEBUG_INFO = NO;
				MTL_FAST_MATH = YES;
				SDKROOT = iphoneos;
				SWIFT_COMPILATION_MODE = wholemodule;
				VALIDATE_PRODUCT = YES;
			};
			name = Release;
		};
		FFFA3C2F2B94B34C009429C1 /* Debug */ = {
			isa = XCBuildConfiguration;
			buildSettings = {
				ASSETCATALOG_COMPILER_APPICON_NAME = AppIcon;
				ASSETCATALOG_COMPILER_GLOBAL_ACCENT_COLOR_NAME = AccentColor;
				CODE_SIGN_STYLE = Automatic;
				CURRENT_PROJECT_VERSION = 1;
				DEVELOPMENT_ASSET_PATHS = "\"FrozenFantasy/Preview Content\"";
				DEVELOPMENT_TEAM = 757KZK47PP;
				ENABLE_PREVIEWS = YES;
				GENERATE_INFOPLIST_FILE = YES;
				INFOPLIST_FILE = FrozenFantasy/Info.plist;
				INFOPLIST_KEY_UIApplicationSceneManifest_Generation = YES;
				INFOPLIST_KEY_UIApplicationSupportsIndirectInputEvents = YES;
				INFOPLIST_KEY_UILaunchScreen_Generation = YES;
				INFOPLIST_KEY_UISupportedInterfaceOrientations = UIInterfaceOrientationPortrait;
				INFOPLIST_KEY_UISupportedInterfaceOrientations_iPad = "UIInterfaceOrientationLandscapeLeft UIInterfaceOrientationLandscapeRight UIInterfaceOrientationPortrait UIInterfaceOrientationPortraitUpsideDown";
				IPHONEOS_DEPLOYMENT_TARGET = 15.0;
				LD_RUNPATH_SEARCH_PATHS = (
					"$(inherited)",
					"@executable_path/Frameworks",
				);
				MARKETING_VERSION = 1.0;
				PRODUCT_BUNDLE_IDENTIFIER = com.nikitasigal.FrozenFantasy;
				PRODUCT_NAME = "$(TARGET_NAME)";
				SUPPORTED_PLATFORMS = "iphoneos iphonesimulator";
				SUPPORTS_MACCATALYST = NO;
				SUPPORTS_MAC_DESIGNED_FOR_IPHONE_IPAD = NO;
				SUPPORTS_XR_DESIGNED_FOR_IPHONE_IPAD = NO;
				SWIFT_EMIT_LOC_STRINGS = YES;
				SWIFT_VERSION = 5.0;
				TARGETED_DEVICE_FAMILY = 1;
			};
			name = Debug;
		};
		FFFA3C302B94B34C009429C1 /* Release */ = {
			isa = XCBuildConfiguration;
			buildSettings = {
				ASSETCATALOG_COMPILER_APPICON_NAME = AppIcon;
				ASSETCATALOG_COMPILER_GLOBAL_ACCENT_COLOR_NAME = AccentColor;
				CODE_SIGN_STYLE = Automatic;
				CURRENT_PROJECT_VERSION = 1;
				DEVELOPMENT_ASSET_PATHS = "\"FrozenFantasy/Preview Content\"";
				DEVELOPMENT_TEAM = 757KZK47PP;
				ENABLE_PREVIEWS = YES;
				GENERATE_INFOPLIST_FILE = YES;
				INFOPLIST_FILE = FrozenFantasy/Info.plist;
				INFOPLIST_KEY_UIApplicationSceneManifest_Generation = YES;
				INFOPLIST_KEY_UIApplicationSupportsIndirectInputEvents = YES;
				INFOPLIST_KEY_UILaunchScreen_Generation = YES;
				INFOPLIST_KEY_UISupportedInterfaceOrientations = UIInterfaceOrientationPortrait;
				INFOPLIST_KEY_UISupportedInterfaceOrientations_iPad = "UIInterfaceOrientationLandscapeLeft UIInterfaceOrientationLandscapeRight UIInterfaceOrientationPortrait UIInterfaceOrientationPortraitUpsideDown";
				IPHONEOS_DEPLOYMENT_TARGET = 15.0;
				LD_RUNPATH_SEARCH_PATHS = (
					"$(inherited)",
					"@executable_path/Frameworks",
				);
				MARKETING_VERSION = 1.0;
				PRODUCT_BUNDLE_IDENTIFIER = com.nikitasigal.FrozenFantasy;
				PRODUCT_NAME = "$(TARGET_NAME)";
				SUPPORTED_PLATFORMS = "iphoneos iphonesimulator";
				SUPPORTS_MACCATALYST = NO;
				SUPPORTS_MAC_DESIGNED_FOR_IPHONE_IPAD = NO;
				SUPPORTS_XR_DESIGNED_FOR_IPHONE_IPAD = NO;
				SWIFT_EMIT_LOC_STRINGS = YES;
				SWIFT_VERSION = 5.0;
				TARGETED_DEVICE_FAMILY = 1;
			};
			name = Release;
		};
		FFFA3C322B94B34C009429C1 /* Debug */ = {
			isa = XCBuildConfiguration;
			buildSettings = {
				ALWAYS_EMBED_SWIFT_STANDARD_LIBRARIES = YES;
				BUNDLE_LOADER = "$(TEST_HOST)";
				CODE_SIGN_STYLE = Automatic;
				CURRENT_PROJECT_VERSION = 1;
				DEVELOPMENT_TEAM = 757KZK47PP;
				GENERATE_INFOPLIST_FILE = YES;
				IPHONEOS_DEPLOYMENT_TARGET = 15.0;
				MARKETING_VERSION = 1.0;
				PRODUCT_BUNDLE_IDENTIFIER = com.nikitasigal.FrozenFantasyTests;
				PRODUCT_NAME = "$(TARGET_NAME)";
				SUPPORTED_PLATFORMS = "iphoneos iphonesimulator";
				SUPPORTS_MACCATALYST = NO;
				SUPPORTS_MAC_DESIGNED_FOR_IPHONE_IPAD = NO;
				SUPPORTS_XR_DESIGNED_FOR_IPHONE_IPAD = NO;
				SWIFT_EMIT_LOC_STRINGS = NO;
				SWIFT_VERSION = 5.0;
				TARGETED_DEVICE_FAMILY = 1;
				TEST_HOST = "$(BUILT_PRODUCTS_DIR)/FrozenFantasy.app/$(BUNDLE_EXECUTABLE_FOLDER_PATH)/FrozenFantasy";
			};
			name = Debug;
		};
		FFFA3C332B94B34C009429C1 /* Release */ = {
			isa = XCBuildConfiguration;
			buildSettings = {
				ALWAYS_EMBED_SWIFT_STANDARD_LIBRARIES = YES;
				BUNDLE_LOADER = "$(TEST_HOST)";
				CODE_SIGN_STYLE = Automatic;
				CURRENT_PROJECT_VERSION = 1;
				DEVELOPMENT_TEAM = 757KZK47PP;
				GENERATE_INFOPLIST_FILE = YES;
				IPHONEOS_DEPLOYMENT_TARGET = 15.0;
				MARKETING_VERSION = 1.0;
				PRODUCT_BUNDLE_IDENTIFIER = com.nikitasigal.FrozenFantasyTests;
				PRODUCT_NAME = "$(TARGET_NAME)";
				SUPPORTED_PLATFORMS = "iphoneos iphonesimulator";
				SUPPORTS_MACCATALYST = NO;
				SUPPORTS_MAC_DESIGNED_FOR_IPHONE_IPAD = NO;
				SUPPORTS_XR_DESIGNED_FOR_IPHONE_IPAD = NO;
				SWIFT_EMIT_LOC_STRINGS = NO;
				SWIFT_VERSION = 5.0;
				TARGETED_DEVICE_FAMILY = 1;
				TEST_HOST = "$(BUILT_PRODUCTS_DIR)/FrozenFantasy.app/$(BUNDLE_EXECUTABLE_FOLDER_PATH)/FrozenFantasy";
			};
			name = Release;
		};
		FFFA3C352B94B34C009429C1 /* Debug */ = {
			isa = XCBuildConfiguration;
			buildSettings = {
				ALWAYS_EMBED_SWIFT_STANDARD_LIBRARIES = YES;
				CODE_SIGN_STYLE = Automatic;
				CURRENT_PROJECT_VERSION = 1;
				DEVELOPMENT_TEAM = 757KZK47PP;
				GENERATE_INFOPLIST_FILE = YES;
				IPHONEOS_DEPLOYMENT_TARGET = 15.0;
				MARKETING_VERSION = 1.0;
				PRODUCT_BUNDLE_IDENTIFIER = com.nikitasigal.FrozenFantasyUITests;
				PRODUCT_NAME = "$(TARGET_NAME)";
				SUPPORTED_PLATFORMS = "iphoneos iphonesimulator";
				SUPPORTS_MACCATALYST = NO;
				SUPPORTS_MAC_DESIGNED_FOR_IPHONE_IPAD = NO;
				SUPPORTS_XR_DESIGNED_FOR_IPHONE_IPAD = NO;
				SWIFT_EMIT_LOC_STRINGS = NO;
				SWIFT_VERSION = 5.0;
				TARGETED_DEVICE_FAMILY = 1;
				TEST_TARGET_NAME = FrozenFantasy;
			};
			name = Debug;
		};
		FFFA3C362B94B34C009429C1 /* Release */ = {
			isa = XCBuildConfiguration;
			buildSettings = {
				ALWAYS_EMBED_SWIFT_STANDARD_LIBRARIES = YES;
				CODE_SIGN_STYLE = Automatic;
				CURRENT_PROJECT_VERSION = 1;
				DEVELOPMENT_TEAM = 757KZK47PP;
				GENERATE_INFOPLIST_FILE = YES;
				IPHONEOS_DEPLOYMENT_TARGET = 15.0;
				MARKETING_VERSION = 1.0;
				PRODUCT_BUNDLE_IDENTIFIER = com.nikitasigal.FrozenFantasyUITests;
				PRODUCT_NAME = "$(TARGET_NAME)";
				SUPPORTED_PLATFORMS = "iphoneos iphonesimulator";
				SUPPORTS_MACCATALYST = NO;
				SUPPORTS_MAC_DESIGNED_FOR_IPHONE_IPAD = NO;
				SUPPORTS_XR_DESIGNED_FOR_IPHONE_IPAD = NO;
				SWIFT_EMIT_LOC_STRINGS = NO;
				SWIFT_VERSION = 5.0;
				TARGETED_DEVICE_FAMILY = 1;
				TEST_TARGET_NAME = FrozenFantasy;
			};
			name = Release;
		};
/* End XCBuildConfiguration section */

/* Begin XCConfigurationList section */
		FFFA3C052B94B34A009429C1 /* Build configuration list for PBXProject "FrozenFantasy" */ = {
			isa = XCConfigurationList;
			buildConfigurations = (
				FFFA3C2C2B94B34C009429C1 /* Debug */,
				FFFA3C2D2B94B34C009429C1 /* Release */,
			);
			defaultConfigurationIsVisible = 0;
			defaultConfigurationName = Release;
		};
		FFFA3C2E2B94B34C009429C1 /* Build configuration list for PBXNativeTarget "FrozenFantasy" */ = {
			isa = XCConfigurationList;
			buildConfigurations = (
				FFFA3C2F2B94B34C009429C1 /* Debug */,
				FFFA3C302B94B34C009429C1 /* Release */,
			);
			defaultConfigurationIsVisible = 0;
			defaultConfigurationName = Release;
		};
		FFFA3C312B94B34C009429C1 /* Build configuration list for PBXNativeTarget "FrozenFantasyTests" */ = {
			isa = XCConfigurationList;
			buildConfigurations = (
				FFFA3C322B94B34C009429C1 /* Debug */,
				FFFA3C332B94B34C009429C1 /* Release */,
			);
			defaultConfigurationIsVisible = 0;
			defaultConfigurationName = Release;
		};
		FFFA3C342B94B34C009429C1 /* Build configuration list for PBXNativeTarget "FrozenFantasyUITests" */ = {
			isa = XCConfigurationList;
			buildConfigurations = (
				FFFA3C352B94B34C009429C1 /* Debug */,
				FFFA3C362B94B34C009429C1 /* Release */,
			);
			defaultConfigurationIsVisible = 0;
			defaultConfigurationName = Release;
		};
/* End XCConfigurationList section */

/* Begin XCRemoteSwiftPackageReference section */
		FF723A832B97221900AC2471 /* XCRemoteSwiftPackageReference "Alamofire" */ = {
			isa = XCRemoteSwiftPackageReference;
			repositoryURL = "https://github.com/Alamofire/Alamofire";
			requirement = {
				kind = upToNextMajorVersion;
				minimumVersion = 5.9.0;
			};
		};
/* End XCRemoteSwiftPackageReference section */

/* Begin XCSwiftPackageProductDependency section */
		FF723A842B97221900AC2471 /* Alamofire */ = {
			isa = XCSwiftPackageProductDependency;
			package = FF723A832B97221900AC2471 /* XCRemoteSwiftPackageReference "Alamofire" */;
			productName = Alamofire;
		};
/* End XCSwiftPackageProductDependency section */
	};
	rootObject = FFFA3C022B94B34A009429C1 /* Project object */;
}
